// !$*UTF8*$!
{
	archiveVersion = 1;
	classes = {
	};
	objectVersion = 46;
	objects = {

/* Begin PBXBuildFile section */
		E80197301C880A1F008EAC16 /* ZWCommentsCell.m in Sources */ = {isa = PBXBuildFile; fileRef = E801972F1C880A1F008EAC16 /* ZWCommentsCell.m */; };
		E80197321C880A41008EAC16 /* ZWCommentsCell.xib in Resources */ = {isa = PBXBuildFile; fileRef = E80197311C880A41008EAC16 /* ZWCommentsCell.xib */; };
		E82BB6D51C84283A00911AC8 /* main.m in Sources */ = {isa = PBXBuildFile; fileRef = E82BB6D41C84283A00911AC8 /* main.m */; };
		E82BB6D81C84283A00911AC8 /* AppDelegate.m in Sources */ = {isa = PBXBuildFile; fileRef = E82BB6D71C84283A00911AC8 /* AppDelegate.m */; };
		E82BB6E31C84283A00911AC8 /* Assets.xcassets in Resources */ = {isa = PBXBuildFile; fileRef = E82BB6E21C84283A00911AC8 /* Assets.xcassets */; };
		E82BB6F11C84283A00911AC8 /* MyWeiBoTests.m in Sources */ = {isa = PBXBuildFile; fileRef = E82BB6F01C84283A00911AC8 /* MyWeiBoTests.m */; };
		E82BB6FC1C84283A00911AC8 /* MyWeiBoUITests.m in Sources */ = {isa = PBXBuildFile; fileRef = E82BB6FB1C84283A00911AC8 /* MyWeiBoUITests.m */; };
		E83F3BA01C8BFFE000BA2F66 /* NSString+Extent.m in Sources */ = {isa = PBXBuildFile; fileRef = E83F3B9F1C8BFFE000BA2F66 /* NSString+Extent.m */; };
		E860384F1C8481D400602AB8 /* ZWStatusCell.m in Sources */ = {isa = PBXBuildFile; fileRef = E860384D1C8481D400602AB8 /* ZWStatusCell.m */; };
		E86038501C8481D400602AB8 /* ZWStatusCell.xib in Resources */ = {isa = PBXBuildFile; fileRef = E860384E1C8481D400602AB8 /* ZWStatusCell.xib */; };
		E86038541C84829000602AB8 /* ZWMainTableViewController.m in Sources */ = {isa = PBXBuildFile; fileRef = E86038531C84829000602AB8 /* ZWMainTableViewController.m */; };
		E860386A1C848BD700602AB8 /* AFHTTPRequestOperation.m in Sources */ = {isa = PBXBuildFile; fileRef = E86038581C848BD600602AB8 /* AFHTTPRequestOperation.m */; };
		E860386B1C848BD700602AB8 /* AFHTTPRequestOperationManager.m in Sources */ = {isa = PBXBuildFile; fileRef = E860385A1C848BD600602AB8 /* AFHTTPRequestOperationManager.m */; };
		E860386C1C848BD700602AB8 /* AFHTTPSessionManager.m in Sources */ = {isa = PBXBuildFile; fileRef = E860385C1C848BD600602AB8 /* AFHTTPSessionManager.m */; };
		E860386D1C848BD700602AB8 /* AFNetworkReachabilityManager.m in Sources */ = {isa = PBXBuildFile; fileRef = E860385F1C848BD600602AB8 /* AFNetworkReachabilityManager.m */; };
		E860386E1C848BD700602AB8 /* AFSecurityPolicy.m in Sources */ = {isa = PBXBuildFile; fileRef = E86038611C848BD700602AB8 /* AFSecurityPolicy.m */; };
		E860386F1C848BD700602AB8 /* AFURLConnectionOperation.m in Sources */ = {isa = PBXBuildFile; fileRef = E86038631C848BD700602AB8 /* AFURLConnectionOperation.m */; };
		E86038701C848BD700602AB8 /* AFURLRequestSerialization.m in Sources */ = {isa = PBXBuildFile; fileRef = E86038651C848BD700602AB8 /* AFURLRequestSerialization.m */; };
		E86038711C848BD700602AB8 /* AFURLResponseSerialization.m in Sources */ = {isa = PBXBuildFile; fileRef = E86038671C848BD700602AB8 /* AFURLResponseSerialization.m */; };
		E86038721C848BD700602AB8 /* AFURLSessionManager.m in Sources */ = {isa = PBXBuildFile; fileRef = E86038691C848BD700602AB8 /* AFURLSessionManager.m */; };
		E868EED61CBF79EE00723C77 /* ZWUserInfoModel.m in Sources */ = {isa = PBXBuildFile; fileRef = E868EED51CBF79EE00723C77 /* ZWUserInfoModel.m */; };
		E8702B5F1CC8B7070038B0E3 /* MJPhoto.m in Sources */ = {isa = PBXBuildFile; fileRef = E8702B511CC8B7070038B0E3 /* MJPhoto.m */; };
		E8702B601CC8B7070038B0E3 /* MJPhotoBrowser.bundle in Resources */ = {isa = PBXBuildFile; fileRef = E8702B521CC8B7070038B0E3 /* MJPhotoBrowser.bundle */; };
		E8702B611CC8B7070038B0E3 /* MJPhotoBrowser.m in Sources */ = {isa = PBXBuildFile; fileRef = E8702B541CC8B7070038B0E3 /* MJPhotoBrowser.m */; };
		E8702B621CC8B7070038B0E3 /* MJPhotoLoadingView.m in Sources */ = {isa = PBXBuildFile; fileRef = E8702B561CC8B7070038B0E3 /* MJPhotoLoadingView.m */; };
		E8702B631CC8B7070038B0E3 /* MJPhotoProgressView.m in Sources */ = {isa = PBXBuildFile; fileRef = E8702B581CC8B7070038B0E3 /* MJPhotoProgressView.m */; };
		E8702B641CC8B7070038B0E3 /* MJPhotoToolbar.m in Sources */ = {isa = PBXBuildFile; fileRef = E8702B5A1CC8B7070038B0E3 /* MJPhotoToolbar.m */; };
		E8702B651CC8B7070038B0E3 /* MJPhotoView.m in Sources */ = {isa = PBXBuildFile; fileRef = E8702B5C1CC8B7070038B0E3 /* MJPhotoView.m */; };
		E8702B661CC8B7070038B0E3 /* SDWebImageManager+MJ.m in Sources */ = {isa = PBXBuildFile; fileRef = E8702B5E1CC8B7070038B0E3 /* SDWebImageManager+MJ.m */; };
		E8702B791CC8B7570038B0E3 /* AFNetworkActivityIndicatorManager.m in Sources */ = {isa = PBXBuildFile; fileRef = E8702B691CC8B7570038B0E3 /* AFNetworkActivityIndicatorManager.m */; };
		E8702B7A1CC8B7570038B0E3 /* UIActivityIndicatorView+AFNetworking.m in Sources */ = {isa = PBXBuildFile; fileRef = E8702B6B1CC8B7570038B0E3 /* UIActivityIndicatorView+AFNetworking.m */; };
		E8702B7B1CC8B7570038B0E3 /* UIAlertView+AFNetworking.m in Sources */ = {isa = PBXBuildFile; fileRef = E8702B6D1CC8B7570038B0E3 /* UIAlertView+AFNetworking.m */; };
		E8702B7C1CC8B7570038B0E3 /* UIButton+AFNetworking.m in Sources */ = {isa = PBXBuildFile; fileRef = E8702B6F1CC8B7570038B0E3 /* UIButton+AFNetworking.m */; };
		E8702B7D1CC8B7570038B0E3 /* UIImageView+AFNetworking.m in Sources */ = {isa = PBXBuildFile; fileRef = E8702B711CC8B7570038B0E3 /* UIImageView+AFNetworking.m */; };
		E8702B7E1CC8B7570038B0E3 /* UIProgressView+AFNetworking.m in Sources */ = {isa = PBXBuildFile; fileRef = E8702B741CC8B7570038B0E3 /* UIProgressView+AFNetworking.m */; };
		E8702B7F1CC8B7570038B0E3 /* UIRefreshControl+AFNetworking.m in Sources */ = {isa = PBXBuildFile; fileRef = E8702B761CC8B7570038B0E3 /* UIRefreshControl+AFNetworking.m */; };
		E8702B801CC8B7570038B0E3 /* UIWebView+AFNetworking.m in Sources */ = {isa = PBXBuildFile; fileRef = E8702B781CC8B7570038B0E3 /* UIWebView+AFNetworking.m */; };
		E8702B8F1CC8B8430038B0E3 /* TabBarButton.m in Sources */ = {isa = PBXBuildFile; fileRef = E8702B8E1CC8B8430038B0E3 /* TabBarButton.m */; };
		E8702B961CC8B9830038B0E3 /* MBProgressHUD+MJ.m in Sources */ = {isa = PBXBuildFile; fileRef = E8702B921CC8B9830038B0E3 /* MBProgressHUD+MJ.m */; };
		E8702B971CC8B9830038B0E3 /* MBProgressHUD.bundle in Resources */ = {isa = PBXBuildFile; fileRef = E8702B931CC8B9830038B0E3 /* MBProgressHUD.bundle */; };
		E8702B981CC8B9830038B0E3 /* MBProgressHUD.m in Sources */ = {isa = PBXBuildFile; fileRef = E8702B951CC8B9830038B0E3 /* MBProgressHUD.m */; };
		E8702B9F1CC8BB3F0038B0E3 /* SVIndefiniteAnimatedView.m in Sources */ = {isa = PBXBuildFile; fileRef = E8702B9B1CC8BB3F0038B0E3 /* SVIndefiniteAnimatedView.m */; };
		E8702BA01CC8BB3F0038B0E3 /* SVProgressHUD.bundle in Resources */ = {isa = PBXBuildFile; fileRef = E8702B9C1CC8BB3F0038B0E3 /* SVProgressHUD.bundle */; };
		E8702BA11CC8BB3F0038B0E3 /* SVProgressHUD.m in Sources */ = {isa = PBXBuildFile; fileRef = E8702B9E1CC8BB3F0038B0E3 /* SVProgressHUD.m */; };
		E872F9251C91792E000F9996 /* CoreData.framework in Frameworks */ = {isa = PBXBuildFile; fileRef = E872F9241C91792E000F9996 /* CoreData.framework */; };
		E87441F81C87EF4C00801622 /* ZWDetailTableViewControler.m in Sources */ = {isa = PBXBuildFile; fileRef = E87441F71C87EF4C00801622 /* ZWDetailTableViewControler.m */; };
		E87DFA2D1C856B4C00490F34 /* OAuthWebViewController.m in Sources */ = {isa = PBXBuildFile; fileRef = E87DFA2C1C856B4C00490F34 /* OAuthWebViewController.m */; };
		E881BF751CBF480800EFA335 /* NetworkingUtil.m in Sources */ = {isa = PBXBuildFile; fileRef = E881BF741CBF480800EFA335 /* NetworkingUtil.m */; };
		E88305851C8FFE4D00D16C59 /* MKAnnotationView+WebCache.m in Sources */ = {isa = PBXBuildFile; fileRef = E88305651C8FFE4D00D16C59 /* MKAnnotationView+WebCache.m */; };
		E88305861C8FFE4D00D16C59 /* NSData+ImageContentType.m in Sources */ = {isa = PBXBuildFile; fileRef = E88305671C8FFE4D00D16C59 /* NSData+ImageContentType.m */; };
		E88305871C8FFE4D00D16C59 /* SDImageCache.m in Sources */ = {isa = PBXBuildFile; fileRef = E88305691C8FFE4D00D16C59 /* SDImageCache.m */; };
		E88305881C8FFE4D00D16C59 /* SDWebImageCompat.m in Sources */ = {isa = PBXBuildFile; fileRef = E883056B1C8FFE4D00D16C59 /* SDWebImageCompat.m */; };
		E88305891C8FFE4D00D16C59 /* SDWebImageDecoder.m in Sources */ = {isa = PBXBuildFile; fileRef = E883056D1C8FFE4D00D16C59 /* SDWebImageDecoder.m */; };
		E883058A1C8FFE4D00D16C59 /* SDWebImageDownloader.m in Sources */ = {isa = PBXBuildFile; fileRef = E883056F1C8FFE4D00D16C59 /* SDWebImageDownloader.m */; };
		E883058B1C8FFE4D00D16C59 /* SDWebImageDownloaderOperation.m in Sources */ = {isa = PBXBuildFile; fileRef = E88305711C8FFE4D00D16C59 /* SDWebImageDownloaderOperation.m */; };
		E883058C1C8FFE4D00D16C59 /* SDWebImageManager.m in Sources */ = {isa = PBXBuildFile; fileRef = E88305731C8FFE4D00D16C59 /* SDWebImageManager.m */; };
		E883058D1C8FFE4D00D16C59 /* SDWebImagePrefetcher.m in Sources */ = {isa = PBXBuildFile; fileRef = E88305761C8FFE4D00D16C59 /* SDWebImagePrefetcher.m */; };
		E883058E1C8FFE4D00D16C59 /* UIButton+WebCache.m in Sources */ = {isa = PBXBuildFile; fileRef = E88305781C8FFE4D00D16C59 /* UIButton+WebCache.m */; };
		E883058F1C8FFE4D00D16C59 /* UIImage+GIF.m in Sources */ = {isa = PBXBuildFile; fileRef = E883057A1C8FFE4D00D16C59 /* UIImage+GIF.m */; };
		E88305901C8FFE4D00D16C59 /* UIImage+MultiFormat.m in Sources */ = {isa = PBXBuildFile; fileRef = E883057C1C8FFE4D00D16C59 /* UIImage+MultiFormat.m */; };
		E88305911C8FFE4D00D16C59 /* UIImage+WebP.m in Sources */ = {isa = PBXBuildFile; fileRef = E883057E1C8FFE4D00D16C59 /* UIImage+WebP.m */; };
		E88305921C8FFE4D00D16C59 /* UIImageView+HighlightedWebCache.m in Sources */ = {isa = PBXBuildFile; fileRef = E88305801C8FFE4D00D16C59 /* UIImageView+HighlightedWebCache.m */; };
		E88305931C8FFE4D00D16C59 /* UIImageView+WebCache.m in Sources */ = {isa = PBXBuildFile; fileRef = E88305821C8FFE4D00D16C59 /* UIImageView+WebCache.m */; };
		E88305941C8FFE4D00D16C59 /* UIView+WebCacheOperation.m in Sources */ = {isa = PBXBuildFile; fileRef = E88305841C8FFE4D00D16C59 /* UIView+WebCacheOperation.m */; };
		E88305961C8FFE6200D16C59 /* MapKit.framework in Frameworks */ = {isa = PBXBuildFile; fileRef = E88305951C8FFE6200D16C59 /* MapKit.framework */; };
		E886346C1C895AF3003ABA3E /* ZWCommentsModel.m in Sources */ = {isa = PBXBuildFile; fileRef = E886346B1C895AF3003ABA3E /* ZWCommentsModel.m */; };
		E88C317B1CBCD8EC00AE044F /* ZWUserInfoViewControler.m in Sources */ = {isa = PBXBuildFile; fileRef = E88C317A1CBCD8EC00AE044F /* ZWUserInfoViewControler.m */; };
		E88C31841CBCE94200AE044F /* ZWUserHeaderViewController.m in Sources */ = {isa = PBXBuildFile; fileRef = E88C31821CBCE94200AE044F /* ZWUserHeaderViewController.m */; };
		E88C31851CBCE94200AE044F /* ZWUserHeaderViewController.xib in Resources */ = {isa = PBXBuildFile; fileRef = E88C31831CBCE94200AE044F /* ZWUserHeaderViewController.xib */; };
		E8A5D5011C892D7300ED619F /* MJRefreshAutoFooter.m in Sources */ = {isa = PBXBuildFile; fileRef = E8A5D4D71C892D7300ED619F /* MJRefreshAutoFooter.m */; };
		E8A5D5021C892D7300ED619F /* MJRefreshBackFooter.m in Sources */ = {isa = PBXBuildFile; fileRef = E8A5D4D91C892D7300ED619F /* MJRefreshBackFooter.m */; };
		E8A5D5031C892D7300ED619F /* MJRefreshComponent.m in Sources */ = {isa = PBXBuildFile; fileRef = E8A5D4DB1C892D7300ED619F /* MJRefreshComponent.m */; };
		E8A5D5041C892D7300ED619F /* MJRefreshFooter.m in Sources */ = {isa = PBXBuildFile; fileRef = E8A5D4DD1C892D7300ED619F /* MJRefreshFooter.m */; };
		E8A5D5051C892D7300ED619F /* MJRefreshHeader.m in Sources */ = {isa = PBXBuildFile; fileRef = E8A5D4DF1C892D7300ED619F /* MJRefreshHeader.m */; };
		E8A5D5061C892D7300ED619F /* MJRefreshAutoGifFooter.m in Sources */ = {isa = PBXBuildFile; fileRef = E8A5D4E41C892D7300ED619F /* MJRefreshAutoGifFooter.m */; };
		E8A5D5071C892D7300ED619F /* MJRefreshAutoNormalFooter.m in Sources */ = {isa = PBXBuildFile; fileRef = E8A5D4E61C892D7300ED619F /* MJRefreshAutoNormalFooter.m */; };
		E8A5D5081C892D7300ED619F /* MJRefreshAutoStateFooter.m in Sources */ = {isa = PBXBuildFile; fileRef = E8A5D4E81C892D7300ED619F /* MJRefreshAutoStateFooter.m */; };
		E8A5D5091C892D7300ED619F /* MJRefreshBackGifFooter.m in Sources */ = {isa = PBXBuildFile; fileRef = E8A5D4EB1C892D7300ED619F /* MJRefreshBackGifFooter.m */; };
		E8A5D50A1C892D7300ED619F /* MJRefreshBackNormalFooter.m in Sources */ = {isa = PBXBuildFile; fileRef = E8A5D4ED1C892D7300ED619F /* MJRefreshBackNormalFooter.m */; };
		E8A5D50B1C892D7300ED619F /* MJRefreshBackStateFooter.m in Sources */ = {isa = PBXBuildFile; fileRef = E8A5D4EF1C892D7300ED619F /* MJRefreshBackStateFooter.m */; };
		E8A5D50C1C892D7300ED619F /* MJRefreshGifHeader.m in Sources */ = {isa = PBXBuildFile; fileRef = E8A5D4F21C892D7300ED619F /* MJRefreshGifHeader.m */; };
		E8A5D50D1C892D7300ED619F /* MJRefreshNormalHeader.m in Sources */ = {isa = PBXBuildFile; fileRef = E8A5D4F41C892D7300ED619F /* MJRefreshNormalHeader.m */; };
		E8A5D50E1C892D7300ED619F /* MJRefreshStateHeader.m in Sources */ = {isa = PBXBuildFile; fileRef = E8A5D4F61C892D7300ED619F /* MJRefreshStateHeader.m */; };
		E8A5D50F1C892D7300ED619F /* MJRefresh.bundle in Resources */ = {isa = PBXBuildFile; fileRef = E8A5D4F71C892D7300ED619F /* MJRefresh.bundle */; };
		E8A5D5101C892D7300ED619F /* MJRefreshConst.m in Sources */ = {isa = PBXBuildFile; fileRef = E8A5D4FA1C892D7300ED619F /* MJRefreshConst.m */; };
		E8A5D5111C892D7300ED619F /* UIScrollView+MJExtension.m in Sources */ = {isa = PBXBuildFile; fileRef = E8A5D4FC1C892D7300ED619F /* UIScrollView+MJExtension.m */; };
		E8A5D5121C892D7300ED619F /* UIScrollView+MJRefresh.m in Sources */ = {isa = PBXBuildFile; fileRef = E8A5D4FE1C892D7300ED619F /* UIScrollView+MJRefresh.m */; };
		E8A5D5131C892D7300ED619F /* UIView+MJExtension.m in Sources */ = {isa = PBXBuildFile; fileRef = E8A5D5001C892D7300ED619F /* UIView+MJExtension.m */; };
		E8A5D5161C89325500ED619F /* ZWStatusesModel.m in Sources */ = {isa = PBXBuildFile; fileRef = E8A5D5151C89325500ED619F /* ZWStatusesModel.m */; };
		E8E05A491C9AA33F0008F106 /* WriteStatueViewController.m in Sources */ = {isa = PBXBuildFile; fileRef = E8E05A481C9AA33F0008F106 /* WriteStatueViewController.m */; };
		E8E7FBBC1C85DB8B002E574A /* ZWMainTabBarControler.m in Sources */ = {isa = PBXBuildFile; fileRef = E8E7FBBB1C85DB8B002E574A /* ZWMainTabBarControler.m */; };
		E8F07C3B1CA0456300DE6A0B /* ZWNavigationController.m in Sources */ = {isa = PBXBuildFile; fileRef = E8F07C3A1CA0456300DE6A0B /* ZWNavigationController.m */; };
		E8F07C431CA0502B00DE6A0B /* ServerRequestManager.m in Sources */ = {isa = PBXBuildFile; fileRef = E8F07C421CA0502B00DE6A0B /* ServerRequestManager.m */; };
		E8F89A9B1C8BD8A500E83B05 /* ZWProfileTableViewControler.m in Sources */ = {isa = PBXBuildFile; fileRef = E8F89A9A1C8BD8A500E83B05 /* ZWProfileTableViewControler.m */; };
/* End PBXBuildFile section */

/* Begin PBXContainerItemProxy section */
		E82BB6ED1C84283A00911AC8 /* PBXContainerItemProxy */ = {
			isa = PBXContainerItemProxy;
			containerPortal = E82BB6C81C84283900911AC8 /* Project object */;
			proxyType = 1;
			remoteGlobalIDString = E82BB6CF1C84283A00911AC8;
			remoteInfo = MyWeiBo;
		};
		E82BB6F81C84283A00911AC8 /* PBXContainerItemProxy */ = {
			isa = PBXContainerItemProxy;
			containerPortal = E82BB6C81C84283900911AC8 /* Project object */;
			proxyType = 1;
			remoteGlobalIDString = E82BB6CF1C84283A00911AC8;
			remoteInfo = MyWeiBo;
		};
/* End PBXContainerItemProxy section */

/* Begin PBXFileReference section */
		E801972D1C88021E008EAC16 /* ZWMainTabBarControler.h */ = {isa = PBXFileReference; lastKnownFileType = sourcecode.c.h; path = ZWMainTabBarControler.h; sourceTree = "<group>"; };
		E801972E1C880A1F008EAC16 /* ZWCommentsCell.h */ = {isa = PBXFileReference; fileEncoding = 4; lastKnownFileType = sourcecode.c.h; path = ZWCommentsCell.h; sourceTree = "<group>"; };
		E801972F1C880A1F008EAC16 /* ZWCommentsCell.m */ = {isa = PBXFileReference; fileEncoding = 4; lastKnownFileType = sourcecode.c.objc; path = ZWCommentsCell.m; sourceTree = "<group>"; };
		E80197311C880A41008EAC16 /* ZWCommentsCell.xib */ = {isa = PBXFileReference; fileEncoding = 4; lastKnownFileType = file.xib; path = ZWCommentsCell.xib; sourceTree = "<group>"; };
		E82BB6D01C84283A00911AC8 /* MyWeiBo.app */ = {isa = PBXFileReference; explicitFileType = wrapper.application; includeInIndex = 0; path = MyWeiBo.app; sourceTree = BUILT_PRODUCTS_DIR; };
		E82BB6D41C84283A00911AC8 /* main.m */ = {isa = PBXFileReference; lastKnownFileType = sourcecode.c.objc; path = main.m; sourceTree = "<group>"; };
		E82BB6D61C84283A00911AC8 /* AppDelegate.h */ = {isa = PBXFileReference; lastKnownFileType = sourcecode.c.h; path = AppDelegate.h; sourceTree = "<group>"; };
		E82BB6D71C84283A00911AC8 /* AppDelegate.m */ = {isa = PBXFileReference; lastKnownFileType = sourcecode.c.objc; path = AppDelegate.m; sourceTree = "<group>"; };
		E82BB6E21C84283A00911AC8 /* Assets.xcassets */ = {isa = PBXFileReference; lastKnownFileType = folder.assetcatalog; path = Assets.xcassets; sourceTree = "<group>"; };
		E82BB6E71C84283A00911AC8 /* Info.plist */ = {isa = PBXFileReference; lastKnownFileType = text.plist.xml; path = Info.plist; sourceTree = "<group>"; };
		E82BB6EC1C84283A00911AC8 /* MyWeiBoTests.xctest */ = {isa = PBXFileReference; explicitFileType = wrapper.cfbundle; includeInIndex = 0; path = MyWeiBoTests.xctest; sourceTree = BUILT_PRODUCTS_DIR; };
		E82BB6F01C84283A00911AC8 /* MyWeiBoTests.m */ = {isa = PBXFileReference; lastKnownFileType = sourcecode.c.objc; path = MyWeiBoTests.m; sourceTree = "<group>"; };
		E82BB6F21C84283A00911AC8 /* Info.plist */ = {isa = PBXFileReference; lastKnownFileType = text.plist.xml; path = Info.plist; sourceTree = "<group>"; };
		E82BB6F71C84283A00911AC8 /* MyWeiBoUITests.xctest */ = {isa = PBXFileReference; explicitFileType = wrapper.cfbundle; includeInIndex = 0; path = MyWeiBoUITests.xctest; sourceTree = BUILT_PRODUCTS_DIR; };
		E82BB6FB1C84283A00911AC8 /* MyWeiBoUITests.m */ = {isa = PBXFileReference; lastKnownFileType = sourcecode.c.objc; path = MyWeiBoUITests.m; sourceTree = "<group>"; };
		E82BB6FD1C84283A00911AC8 /* Info.plist */ = {isa = PBXFileReference; lastKnownFileType = text.plist.xml; path = Info.plist; sourceTree = "<group>"; };
		E83F3B9E1C8BFFE000BA2F66 /* NSString+Extent.h */ = {isa = PBXFileReference; fileEncoding = 4; lastKnownFileType = sourcecode.c.h; path = "NSString+Extent.h"; sourceTree = "<group>"; };
		E83F3B9F1C8BFFE000BA2F66 /* NSString+Extent.m */ = {isa = PBXFileReference; fileEncoding = 4; lastKnownFileType = sourcecode.c.objc; path = "NSString+Extent.m"; sourceTree = "<group>"; };
		E860384C1C8481D400602AB8 /* ZWStatusCell.h */ = {isa = PBXFileReference; fileEncoding = 4; lastKnownFileType = sourcecode.c.h; path = ZWStatusCell.h; sourceTree = "<group>"; };
		E860384D1C8481D400602AB8 /* ZWStatusCell.m */ = {isa = PBXFileReference; fileEncoding = 4; lastKnownFileType = sourcecode.c.objc; path = ZWStatusCell.m; sourceTree = "<group>"; };
		E860384E1C8481D400602AB8 /* ZWStatusCell.xib */ = {isa = PBXFileReference; fileEncoding = 4; lastKnownFileType = file.xib; path = ZWStatusCell.xib; sourceTree = "<group>"; };
		E86038521C84829000602AB8 /* ZWMainTableViewController.h */ = {isa = PBXFileReference; fileEncoding = 4; lastKnownFileType = sourcecode.c.h; path = ZWMainTableViewController.h; sourceTree = "<group>"; };
		E86038531C84829000602AB8 /* ZWMainTableViewController.m */ = {isa = PBXFileReference; fileEncoding = 4; lastKnownFileType = sourcecode.c.objc; path = ZWMainTableViewController.m; sourceTree = "<group>"; };
		E86038571C848BD600602AB8 /* AFHTTPRequestOperation.h */ = {isa = PBXFileReference; fileEncoding = 4; lastKnownFileType = sourcecode.c.h; path = AFHTTPRequestOperation.h; sourceTree = "<group>"; };
		E86038581C848BD600602AB8 /* AFHTTPRequestOperation.m */ = {isa = PBXFileReference; fileEncoding = 4; lastKnownFileType = sourcecode.c.objc; path = AFHTTPRequestOperation.m; sourceTree = "<group>"; };
		E86038591C848BD600602AB8 /* AFHTTPRequestOperationManager.h */ = {isa = PBXFileReference; fileEncoding = 4; lastKnownFileType = sourcecode.c.h; path = AFHTTPRequestOperationManager.h; sourceTree = "<group>"; };
		E860385A1C848BD600602AB8 /* AFHTTPRequestOperationManager.m */ = {isa = PBXFileReference; fileEncoding = 4; lastKnownFileType = sourcecode.c.objc; path = AFHTTPRequestOperationManager.m; sourceTree = "<group>"; };
		E860385B1C848BD600602AB8 /* AFHTTPSessionManager.h */ = {isa = PBXFileReference; fileEncoding = 4; lastKnownFileType = sourcecode.c.h; path = AFHTTPSessionManager.h; sourceTree = "<group>"; };
		E860385C1C848BD600602AB8 /* AFHTTPSessionManager.m */ = {isa = PBXFileReference; fileEncoding = 4; lastKnownFileType = sourcecode.c.objc; path = AFHTTPSessionManager.m; sourceTree = "<group>"; };
		E860385D1C848BD600602AB8 /* AFNetworking.h */ = {isa = PBXFileReference; fileEncoding = 4; lastKnownFileType = sourcecode.c.h; path = AFNetworking.h; sourceTree = "<group>"; };
		E860385E1C848BD600602AB8 /* AFNetworkReachabilityManager.h */ = {isa = PBXFileReference; fileEncoding = 4; lastKnownFileType = sourcecode.c.h; path = AFNetworkReachabilityManager.h; sourceTree = "<group>"; };
		E860385F1C848BD600602AB8 /* AFNetworkReachabilityManager.m */ = {isa = PBXFileReference; fileEncoding = 4; lastKnownFileType = sourcecode.c.objc; path = AFNetworkReachabilityManager.m; sourceTree = "<group>"; };
		E86038601C848BD700602AB8 /* AFSecurityPolicy.h */ = {isa = PBXFileReference; fileEncoding = 4; lastKnownFileType = sourcecode.c.h; path = AFSecurityPolicy.h; sourceTree = "<group>"; };
		E86038611C848BD700602AB8 /* AFSecurityPolicy.m */ = {isa = PBXFileReference; fileEncoding = 4; lastKnownFileType = sourcecode.c.objc; path = AFSecurityPolicy.m; sourceTree = "<group>"; };
		E86038621C848BD700602AB8 /* AFURLConnectionOperation.h */ = {isa = PBXFileReference; fileEncoding = 4; lastKnownFileType = sourcecode.c.h; path = AFURLConnectionOperation.h; sourceTree = "<group>"; };
		E86038631C848BD700602AB8 /* AFURLConnectionOperation.m */ = {isa = PBXFileReference; fileEncoding = 4; lastKnownFileType = sourcecode.c.objc; path = AFURLConnectionOperation.m; sourceTree = "<group>"; };
		E86038641C848BD700602AB8 /* AFURLRequestSerialization.h */ = {isa = PBXFileReference; fileEncoding = 4; lastKnownFileType = sourcecode.c.h; path = AFURLRequestSerialization.h; sourceTree = "<group>"; };
		E86038651C848BD700602AB8 /* AFURLRequestSerialization.m */ = {isa = PBXFileReference; fileEncoding = 4; lastKnownFileType = sourcecode.c.objc; path = AFURLRequestSerialization.m; sourceTree = "<group>"; };
		E86038661C848BD700602AB8 /* AFURLResponseSerialization.h */ = {isa = PBXFileReference; fileEncoding = 4; lastKnownFileType = sourcecode.c.h; path = AFURLResponseSerialization.h; sourceTree = "<group>"; };
		E86038671C848BD700602AB8 /* AFURLResponseSerialization.m */ = {isa = PBXFileReference; fileEncoding = 4; lastKnownFileType = sourcecode.c.objc; path = AFURLResponseSerialization.m; sourceTree = "<group>"; };
		E86038681C848BD700602AB8 /* AFURLSessionManager.h */ = {isa = PBXFileReference; fileEncoding = 4; lastKnownFileType = sourcecode.c.h; path = AFURLSessionManager.h; sourceTree = "<group>"; };
		E86038691C848BD700602AB8 /* AFURLSessionManager.m */ = {isa = PBXFileReference; fileEncoding = 4; lastKnownFileType = sourcecode.c.objc; path = AFURLSessionManager.m; sourceTree = "<group>"; };
		E868EED41CBF79EE00723C77 /* ZWUserInfoModel.h */ = {isa = PBXFileReference; fileEncoding = 4; lastKnownFileType = sourcecode.c.h; path = ZWUserInfoModel.h; sourceTree = "<group>"; };
		E868EED51CBF79EE00723C77 /* ZWUserInfoModel.m */ = {isa = PBXFileReference; fileEncoding = 4; lastKnownFileType = sourcecode.c.objc; path = ZWUserInfoModel.m; sourceTree = "<group>"; };
		E8702B501CC8B7070038B0E3 /* MJPhoto.h */ = {isa = PBXFileReference; fileEncoding = 4; lastKnownFileType = sourcecode.c.h; path = MJPhoto.h; sourceTree = "<group>"; };
		E8702B511CC8B7070038B0E3 /* MJPhoto.m */ = {isa = PBXFileReference; fileEncoding = 4; lastKnownFileType = sourcecode.c.objc; path = MJPhoto.m; sourceTree = "<group>"; };
		E8702B521CC8B7070038B0E3 /* MJPhotoBrowser.bundle */ = {isa = PBXFileReference; lastKnownFileType = "wrapper.plug-in"; path = MJPhotoBrowser.bundle; sourceTree = "<group>"; };
		E8702B531CC8B7070038B0E3 /* MJPhotoBrowser.h */ = {isa = PBXFileReference; fileEncoding = 4; lastKnownFileType = sourcecode.c.h; path = MJPhotoBrowser.h; sourceTree = "<group>"; };
		E8702B541CC8B7070038B0E3 /* MJPhotoBrowser.m */ = {isa = PBXFileReference; fileEncoding = 4; lastKnownFileType = sourcecode.c.objc; path = MJPhotoBrowser.m; sourceTree = "<group>"; };
		E8702B551CC8B7070038B0E3 /* MJPhotoLoadingView.h */ = {isa = PBXFileReference; fileEncoding = 4; lastKnownFileType = sourcecode.c.h; path = MJPhotoLoadingView.h; sourceTree = "<group>"; };
		E8702B561CC8B7070038B0E3 /* MJPhotoLoadingView.m */ = {isa = PBXFileReference; fileEncoding = 4; lastKnownFileType = sourcecode.c.objc; path = MJPhotoLoadingView.m; sourceTree = "<group>"; };
		E8702B571CC8B7070038B0E3 /* MJPhotoProgressView.h */ = {isa = PBXFileReference; fileEncoding = 4; lastKnownFileType = sourcecode.c.h; path = MJPhotoProgressView.h; sourceTree = "<group>"; };
		E8702B581CC8B7070038B0E3 /* MJPhotoProgressView.m */ = {isa = PBXFileReference; fileEncoding = 4; lastKnownFileType = sourcecode.c.objc; path = MJPhotoProgressView.m; sourceTree = "<group>"; };
		E8702B591CC8B7070038B0E3 /* MJPhotoToolbar.h */ = {isa = PBXFileReference; fileEncoding = 4; lastKnownFileType = sourcecode.c.h; path = MJPhotoToolbar.h; sourceTree = "<group>"; };
		E8702B5A1CC8B7070038B0E3 /* MJPhotoToolbar.m */ = {isa = PBXFileReference; fileEncoding = 4; lastKnownFileType = sourcecode.c.objc; path = MJPhotoToolbar.m; sourceTree = "<group>"; };
		E8702B5B1CC8B7070038B0E3 /* MJPhotoView.h */ = {isa = PBXFileReference; fileEncoding = 4; lastKnownFileType = sourcecode.c.h; path = MJPhotoView.h; sourceTree = "<group>"; };
		E8702B5C1CC8B7070038B0E3 /* MJPhotoView.m */ = {isa = PBXFileReference; fileEncoding = 4; lastKnownFileType = sourcecode.c.objc; path = MJPhotoView.m; sourceTree = "<group>"; };
		E8702B5D1CC8B7070038B0E3 /* SDWebImageManager+MJ.h */ = {isa = PBXFileReference; fileEncoding = 4; lastKnownFileType = sourcecode.c.h; path = "SDWebImageManager+MJ.h"; sourceTree = "<group>"; };
		E8702B5E1CC8B7070038B0E3 /* SDWebImageManager+MJ.m */ = {isa = PBXFileReference; fileEncoding = 4; lastKnownFileType = sourcecode.c.objc; path = "SDWebImageManager+MJ.m"; sourceTree = "<group>"; };
		E8702B681CC8B7570038B0E3 /* AFNetworkActivityIndicatorManager.h */ = {isa = PBXFileReference; fileEncoding = 4; lastKnownFileType = sourcecode.c.h; path = AFNetworkActivityIndicatorManager.h; sourceTree = "<group>"; };
		E8702B691CC8B7570038B0E3 /* AFNetworkActivityIndicatorManager.m */ = {isa = PBXFileReference; fileEncoding = 4; lastKnownFileType = sourcecode.c.objc; path = AFNetworkActivityIndicatorManager.m; sourceTree = "<group>"; };
		E8702B6A1CC8B7570038B0E3 /* UIActivityIndicatorView+AFNetworking.h */ = {isa = PBXFileReference; fileEncoding = 4; lastKnownFileType = sourcecode.c.h; path = "UIActivityIndicatorView+AFNetworking.h"; sourceTree = "<group>"; };
		E8702B6B1CC8B7570038B0E3 /* UIActivityIndicatorView+AFNetworking.m */ = {isa = PBXFileReference; fileEncoding = 4; lastKnownFileType = sourcecode.c.objc; path = "UIActivityIndicatorView+AFNetworking.m"; sourceTree = "<group>"; };
		E8702B6C1CC8B7570038B0E3 /* UIAlertView+AFNetworking.h */ = {isa = PBXFileReference; fileEncoding = 4; lastKnownFileType = sourcecode.c.h; path = "UIAlertView+AFNetworking.h"; sourceTree = "<group>"; };
		E8702B6D1CC8B7570038B0E3 /* UIAlertView+AFNetworking.m */ = {isa = PBXFileReference; fileEncoding = 4; lastKnownFileType = sourcecode.c.objc; path = "UIAlertView+AFNetworking.m"; sourceTree = "<group>"; };
		E8702B6E1CC8B7570038B0E3 /* UIButton+AFNetworking.h */ = {isa = PBXFileReference; fileEncoding = 4; lastKnownFileType = sourcecode.c.h; path = "UIButton+AFNetworking.h"; sourceTree = "<group>"; };
		E8702B6F1CC8B7570038B0E3 /* UIButton+AFNetworking.m */ = {isa = PBXFileReference; fileEncoding = 4; lastKnownFileType = sourcecode.c.objc; path = "UIButton+AFNetworking.m"; sourceTree = "<group>"; };
		E8702B701CC8B7570038B0E3 /* UIImageView+AFNetworking.h */ = {isa = PBXFileReference; fileEncoding = 4; lastKnownFileType = sourcecode.c.h; path = "UIImageView+AFNetworking.h"; sourceTree = "<group>"; };
		E8702B711CC8B7570038B0E3 /* UIImageView+AFNetworking.m */ = {isa = PBXFileReference; fileEncoding = 4; lastKnownFileType = sourcecode.c.objc; path = "UIImageView+AFNetworking.m"; sourceTree = "<group>"; };
		E8702B721CC8B7570038B0E3 /* UIKit+AFNetworking.h */ = {isa = PBXFileReference; fileEncoding = 4; lastKnownFileType = sourcecode.c.h; path = "UIKit+AFNetworking.h"; sourceTree = "<group>"; };
		E8702B731CC8B7570038B0E3 /* UIProgressView+AFNetworking.h */ = {isa = PBXFileReference; fileEncoding = 4; lastKnownFileType = sourcecode.c.h; path = "UIProgressView+AFNetworking.h"; sourceTree = "<group>"; };
		E8702B741CC8B7570038B0E3 /* UIProgressView+AFNetworking.m */ = {isa = PBXFileReference; fileEncoding = 4; lastKnownFileType = sourcecode.c.objc; path = "UIProgressView+AFNetworking.m"; sourceTree = "<group>"; };
		E8702B751CC8B7570038B0E3 /* UIRefreshControl+AFNetworking.h */ = {isa = PBXFileReference; fileEncoding = 4; lastKnownFileType = sourcecode.c.h; path = "UIRefreshControl+AFNetworking.h"; sourceTree = "<group>"; };
		E8702B761CC8B7570038B0E3 /* UIRefreshControl+AFNetworking.m */ = {isa = PBXFileReference; fileEncoding = 4; lastKnownFileType = sourcecode.c.objc; path = "UIRefreshControl+AFNetworking.m"; sourceTree = "<group>"; };
		E8702B771CC8B7570038B0E3 /* UIWebView+AFNetworking.h */ = {isa = PBXFileReference; fileEncoding = 4; lastKnownFileType = sourcecode.c.h; path = "UIWebView+AFNetworking.h"; sourceTree = "<group>"; };
		E8702B781CC8B7570038B0E3 /* UIWebView+AFNetworking.m */ = {isa = PBXFileReference; fileEncoding = 4; lastKnownFileType = sourcecode.c.objc; path = "UIWebView+AFNetworking.m"; sourceTree = "<group>"; };
		E8702B8D1CC8B8430038B0E3 /* TabBarButton.h */ = {isa = PBXFileReference; fileEncoding = 4; lastKnownFileType = sourcecode.c.h; path = TabBarButton.h; sourceTree = "<group>"; };
		E8702B8E1CC8B8430038B0E3 /* TabBarButton.m */ = {isa = PBXFileReference; fileEncoding = 4; lastKnownFileType = sourcecode.c.objc; path = TabBarButton.m; sourceTree = "<group>"; };
		E8702B911CC8B9830038B0E3 /* MBProgressHUD+MJ.h */ = {isa = PBXFileReference; fileEncoding = 4; lastKnownFileType = sourcecode.c.h; path = "MBProgressHUD+MJ.h"; sourceTree = "<group>"; };
		E8702B921CC8B9830038B0E3 /* MBProgressHUD+MJ.m */ = {isa = PBXFileReference; fileEncoding = 4; lastKnownFileType = sourcecode.c.objc; path = "MBProgressHUD+MJ.m"; sourceTree = "<group>"; };
		E8702B931CC8B9830038B0E3 /* MBProgressHUD.bundle */ = {isa = PBXFileReference; lastKnownFileType = "wrapper.plug-in"; path = MBProgressHUD.bundle; sourceTree = "<group>"; };
		E8702B941CC8B9830038B0E3 /* MBProgressHUD.h */ = {isa = PBXFileReference; fileEncoding = 4; lastKnownFileType = sourcecode.c.h; path = MBProgressHUD.h; sourceTree = "<group>"; };
		E8702B951CC8B9830038B0E3 /* MBProgressHUD.m */ = {isa = PBXFileReference; fileEncoding = 4; lastKnownFileType = sourcecode.c.objc; path = MBProgressHUD.m; sourceTree = "<group>"; };
		E8702B9A1CC8BB3F0038B0E3 /* SVIndefiniteAnimatedView.h */ = {isa = PBXFileReference; fileEncoding = 4; lastKnownFileType = sourcecode.c.h; path = SVIndefiniteAnimatedView.h; sourceTree = "<group>"; };
		E8702B9B1CC8BB3F0038B0E3 /* SVIndefiniteAnimatedView.m */ = {isa = PBXFileReference; fileEncoding = 4; lastKnownFileType = sourcecode.c.objc; path = SVIndefiniteAnimatedView.m; sourceTree = "<group>"; };
		E8702B9C1CC8BB3F0038B0E3 /* SVProgressHUD.bundle */ = {isa = PBXFileReference; lastKnownFileType = "wrapper.plug-in"; path = SVProgressHUD.bundle; sourceTree = "<group>"; };
		E8702B9D1CC8BB3F0038B0E3 /* SVProgressHUD.h */ = {isa = PBXFileReference; fileEncoding = 4; lastKnownFileType = sourcecode.c.h; path = SVProgressHUD.h; sourceTree = "<group>"; };
		E8702B9E1CC8BB3F0038B0E3 /* SVProgressHUD.m */ = {isa = PBXFileReference; fileEncoding = 4; lastKnownFileType = sourcecode.c.objc; path = SVProgressHUD.m; sourceTree = "<group>"; };
		E872C24D1C868A92000F07C6 /* CommonInfo.h */ = {isa = PBXFileReference; lastKnownFileType = sourcecode.c.h; path = CommonInfo.h; sourceTree = "<group>"; };
		E872F9241C91792E000F9996 /* CoreData.framework */ = {isa = PBXFileReference; lastKnownFileType = wrapper.framework; name = CoreData.framework; path = System/Library/Frameworks/CoreData.framework; sourceTree = SDKROOT; };
		E87441F61C87EF4C00801622 /* ZWDetailTableViewControler.h */ = {isa = PBXFileReference; fileEncoding = 4; lastKnownFileType = sourcecode.c.h; path = ZWDetailTableViewControler.h; sourceTree = "<group>"; };
		E87441F71C87EF4C00801622 /* ZWDetailTableViewControler.m */ = {isa = PBXFileReference; fileEncoding = 4; lastKnownFileType = sourcecode.c.objc; path = ZWDetailTableViewControler.m; sourceTree = "<group>"; };
		E87DFA2B1C856B4C00490F34 /* OAuthWebViewController.h */ = {isa = PBXFileReference; fileEncoding = 4; lastKnownFileType = sourcecode.c.h; path = OAuthWebViewController.h; sourceTree = "<group>"; };
		E87DFA2C1C856B4C00490F34 /* OAuthWebViewController.m */ = {isa = PBXFileReference; fileEncoding = 4; lastKnownFileType = sourcecode.c.objc; path = OAuthWebViewController.m; sourceTree = "<group>"; };
		E881BF721CBF442100EFA335 /* AppDefine.h */ = {isa = PBXFileReference; lastKnownFileType = sourcecode.c.h; path = AppDefine.h; sourceTree = "<group>"; };
		E881BF731CBF480800EFA335 /* NetworkingUtil.h */ = {isa = PBXFileReference; fileEncoding = 4; lastKnownFileType = sourcecode.c.h; path = NetworkingUtil.h; sourceTree = "<group>"; };
		E881BF741CBF480800EFA335 /* NetworkingUtil.m */ = {isa = PBXFileReference; fileEncoding = 4; lastKnownFileType = sourcecode.c.objc; path = NetworkingUtil.m; sourceTree = "<group>"; };
		E88305641C8FFE4D00D16C59 /* MKAnnotationView+WebCache.h */ = {isa = PBXFileReference; fileEncoding = 4; lastKnownFileType = sourcecode.c.h; path = "MKAnnotationView+WebCache.h"; sourceTree = "<group>"; };
		E88305651C8FFE4D00D16C59 /* MKAnnotationView+WebCache.m */ = {isa = PBXFileReference; fileEncoding = 4; lastKnownFileType = sourcecode.c.objc; path = "MKAnnotationView+WebCache.m"; sourceTree = "<group>"; };
		E88305661C8FFE4D00D16C59 /* NSData+ImageContentType.h */ = {isa = PBXFileReference; fileEncoding = 4; lastKnownFileType = sourcecode.c.h; path = "NSData+ImageContentType.h"; sourceTree = "<group>"; };
		E88305671C8FFE4D00D16C59 /* NSData+ImageContentType.m */ = {isa = PBXFileReference; fileEncoding = 4; lastKnownFileType = sourcecode.c.objc; path = "NSData+ImageContentType.m"; sourceTree = "<group>"; };
		E88305681C8FFE4D00D16C59 /* SDImageCache.h */ = {isa = PBXFileReference; fileEncoding = 4; lastKnownFileType = sourcecode.c.h; path = SDImageCache.h; sourceTree = "<group>"; };
		E88305691C8FFE4D00D16C59 /* SDImageCache.m */ = {isa = PBXFileReference; fileEncoding = 4; lastKnownFileType = sourcecode.c.objc; path = SDImageCache.m; sourceTree = "<group>"; };
		E883056A1C8FFE4D00D16C59 /* SDWebImageCompat.h */ = {isa = PBXFileReference; fileEncoding = 4; lastKnownFileType = sourcecode.c.h; path = SDWebImageCompat.h; sourceTree = "<group>"; };
		E883056B1C8FFE4D00D16C59 /* SDWebImageCompat.m */ = {isa = PBXFileReference; fileEncoding = 4; lastKnownFileType = sourcecode.c.objc; path = SDWebImageCompat.m; sourceTree = "<group>"; };
		E883056C1C8FFE4D00D16C59 /* SDWebImageDecoder.h */ = {isa = PBXFileReference; fileEncoding = 4; lastKnownFileType = sourcecode.c.h; path = SDWebImageDecoder.h; sourceTree = "<group>"; };
		E883056D1C8FFE4D00D16C59 /* SDWebImageDecoder.m */ = {isa = PBXFileReference; fileEncoding = 4; lastKnownFileType = sourcecode.c.objc; path = SDWebImageDecoder.m; sourceTree = "<group>"; };
		E883056E1C8FFE4D00D16C59 /* SDWebImageDownloader.h */ = {isa = PBXFileReference; fileEncoding = 4; lastKnownFileType = sourcecode.c.h; path = SDWebImageDownloader.h; sourceTree = "<group>"; };
		E883056F1C8FFE4D00D16C59 /* SDWebImageDownloader.m */ = {isa = PBXFileReference; fileEncoding = 4; lastKnownFileType = sourcecode.c.objc; path = SDWebImageDownloader.m; sourceTree = "<group>"; };
		E88305701C8FFE4D00D16C59 /* SDWebImageDownloaderOperation.h */ = {isa = PBXFileReference; fileEncoding = 4; lastKnownFileType = sourcecode.c.h; path = SDWebImageDownloaderOperation.h; sourceTree = "<group>"; };
		E88305711C8FFE4D00D16C59 /* SDWebImageDownloaderOperation.m */ = {isa = PBXFileReference; fileEncoding = 4; lastKnownFileType = sourcecode.c.objc; path = SDWebImageDownloaderOperation.m; sourceTree = "<group>"; };
		E88305721C8FFE4D00D16C59 /* SDWebImageManager.h */ = {isa = PBXFileReference; fileEncoding = 4; lastKnownFileType = sourcecode.c.h; path = SDWebImageManager.h; sourceTree = "<group>"; };
		E88305731C8FFE4D00D16C59 /* SDWebImageManager.m */ = {isa = PBXFileReference; fileEncoding = 4; lastKnownFileType = sourcecode.c.objc; path = SDWebImageManager.m; sourceTree = "<group>"; };
		E88305741C8FFE4D00D16C59 /* SDWebImageOperation.h */ = {isa = PBXFileReference; fileEncoding = 4; lastKnownFileType = sourcecode.c.h; path = SDWebImageOperation.h; sourceTree = "<group>"; };
		E88305751C8FFE4D00D16C59 /* SDWebImagePrefetcher.h */ = {isa = PBXFileReference; fileEncoding = 4; lastKnownFileType = sourcecode.c.h; path = SDWebImagePrefetcher.h; sourceTree = "<group>"; };
		E88305761C8FFE4D00D16C59 /* SDWebImagePrefetcher.m */ = {isa = PBXFileReference; fileEncoding = 4; lastKnownFileType = sourcecode.c.objc; path = SDWebImagePrefetcher.m; sourceTree = "<group>"; };
		E88305771C8FFE4D00D16C59 /* UIButton+WebCache.h */ = {isa = PBXFileReference; fileEncoding = 4; lastKnownFileType = sourcecode.c.h; path = "UIButton+WebCache.h"; sourceTree = "<group>"; };
		E88305781C8FFE4D00D16C59 /* UIButton+WebCache.m */ = {isa = PBXFileReference; fileEncoding = 4; lastKnownFileType = sourcecode.c.objc; path = "UIButton+WebCache.m"; sourceTree = "<group>"; };
		E88305791C8FFE4D00D16C59 /* UIImage+GIF.h */ = {isa = PBXFileReference; fileEncoding = 4; lastKnownFileType = sourcecode.c.h; path = "UIImage+GIF.h"; sourceTree = "<group>"; };
		E883057A1C8FFE4D00D16C59 /* UIImage+GIF.m */ = {isa = PBXFileReference; fileEncoding = 4; lastKnownFileType = sourcecode.c.objc; path = "UIImage+GIF.m"; sourceTree = "<group>"; };
		E883057B1C8FFE4D00D16C59 /* UIImage+MultiFormat.h */ = {isa = PBXFileReference; fileEncoding = 4; lastKnownFileType = sourcecode.c.h; path = "UIImage+MultiFormat.h"; sourceTree = "<group>"; };
		E883057C1C8FFE4D00D16C59 /* UIImage+MultiFormat.m */ = {isa = PBXFileReference; fileEncoding = 4; lastKnownFileType = sourcecode.c.objc; path = "UIImage+MultiFormat.m"; sourceTree = "<group>"; };
		E883057D1C8FFE4D00D16C59 /* UIImage+WebP.h */ = {isa = PBXFileReference; fileEncoding = 4; lastKnownFileType = sourcecode.c.h; path = "UIImage+WebP.h"; sourceTree = "<group>"; };
		E883057E1C8FFE4D00D16C59 /* UIImage+WebP.m */ = {isa = PBXFileReference; fileEncoding = 4; lastKnownFileType = sourcecode.c.objc; path = "UIImage+WebP.m"; sourceTree = "<group>"; };
		E883057F1C8FFE4D00D16C59 /* UIImageView+HighlightedWebCache.h */ = {isa = PBXFileReference; fileEncoding = 4; lastKnownFileType = sourcecode.c.h; path = "UIImageView+HighlightedWebCache.h"; sourceTree = "<group>"; };
		E88305801C8FFE4D00D16C59 /* UIImageView+HighlightedWebCache.m */ = {isa = PBXFileReference; fileEncoding = 4; lastKnownFileType = sourcecode.c.objc; path = "UIImageView+HighlightedWebCache.m"; sourceTree = "<group>"; };
		E88305811C8FFE4D00D16C59 /* UIImageView+WebCache.h */ = {isa = PBXFileReference; fileEncoding = 4; lastKnownFileType = sourcecode.c.h; path = "UIImageView+WebCache.h"; sourceTree = "<group>"; };
		E88305821C8FFE4D00D16C59 /* UIImageView+WebCache.m */ = {isa = PBXFileReference; fileEncoding = 4; lastKnownFileType = sourcecode.c.objc; path = "UIImageView+WebCache.m"; sourceTree = "<group>"; };
		E88305831C8FFE4D00D16C59 /* UIView+WebCacheOperation.h */ = {isa = PBXFileReference; fileEncoding = 4; lastKnownFileType = sourcecode.c.h; path = "UIView+WebCacheOperation.h"; sourceTree = "<group>"; };
		E88305841C8FFE4D00D16C59 /* UIView+WebCacheOperation.m */ = {isa = PBXFileReference; fileEncoding = 4; lastKnownFileType = sourcecode.c.objc; path = "UIView+WebCacheOperation.m"; sourceTree = "<group>"; };
		E88305951C8FFE6200D16C59 /* MapKit.framework */ = {isa = PBXFileReference; lastKnownFileType = wrapper.framework; name = MapKit.framework; path = System/Library/Frameworks/MapKit.framework; sourceTree = SDKROOT; };
		E886346A1C895AF3003ABA3E /* ZWCommentsModel.h */ = {isa = PBXFileReference; fileEncoding = 4; lastKnownFileType = sourcecode.c.h; path = ZWCommentsModel.h; sourceTree = "<group>"; };
		E886346B1C895AF3003ABA3E /* ZWCommentsModel.m */ = {isa = PBXFileReference; fileEncoding = 4; lastKnownFileType = sourcecode.c.objc; path = ZWCommentsModel.m; sourceTree = "<group>"; };
		E88C31791CBCD8EC00AE044F /* ZWUserInfoViewControler.h */ = {isa = PBXFileReference; fileEncoding = 4; lastKnownFileType = sourcecode.c.h; path = ZWUserInfoViewControler.h; sourceTree = "<group>"; };
		E88C317A1CBCD8EC00AE044F /* ZWUserInfoViewControler.m */ = {isa = PBXFileReference; fileEncoding = 4; lastKnownFileType = sourcecode.c.objc; path = ZWUserInfoViewControler.m; sourceTree = "<group>"; };
		E88C31811CBCE94200AE044F /* ZWUserHeaderViewController.h */ = {isa = PBXFileReference; fileEncoding = 4; lastKnownFileType = sourcecode.c.h; path = ZWUserHeaderViewController.h; sourceTree = "<group>"; };
		E88C31821CBCE94200AE044F /* ZWUserHeaderViewController.m */ = {isa = PBXFileReference; fileEncoding = 4; lastKnownFileType = sourcecode.c.objc; path = ZWUserHeaderViewController.m; sourceTree = "<group>"; };
		E88C31831CBCE94200AE044F /* ZWUserHeaderViewController.xib */ = {isa = PBXFileReference; fileEncoding = 4; lastKnownFileType = file.xib; path = ZWUserHeaderViewController.xib; sourceTree = "<group>"; };
		E8A5D4D61C892D7300ED619F /* MJRefreshAutoFooter.h */ = {isa = PBXFileReference; fileEncoding = 4; lastKnownFileType = sourcecode.c.h; path = MJRefreshAutoFooter.h; sourceTree = "<group>"; };
		E8A5D4D71C892D7300ED619F /* MJRefreshAutoFooter.m */ = {isa = PBXFileReference; fileEncoding = 4; lastKnownFileType = sourcecode.c.objc; path = MJRefreshAutoFooter.m; sourceTree = "<group>"; };
		E8A5D4D81C892D7300ED619F /* MJRefreshBackFooter.h */ = {isa = PBXFileReference; fileEncoding = 4; lastKnownFileType = sourcecode.c.h; path = MJRefreshBackFooter.h; sourceTree = "<group>"; };
		E8A5D4D91C892D7300ED619F /* MJRefreshBackFooter.m */ = {isa = PBXFileReference; fileEncoding = 4; lastKnownFileType = sourcecode.c.objc; path = MJRefreshBackFooter.m; sourceTree = "<group>"; };
		E8A5D4DA1C892D7300ED619F /* MJRefreshComponent.h */ = {isa = PBXFileReference; fileEncoding = 4; lastKnownFileType = sourcecode.c.h; path = MJRefreshComponent.h; sourceTree = "<group>"; };
		E8A5D4DB1C892D7300ED619F /* MJRefreshComponent.m */ = {isa = PBXFileReference; fileEncoding = 4; lastKnownFileType = sourcecode.c.objc; path = MJRefreshComponent.m; sourceTree = "<group>"; };
		E8A5D4DC1C892D7300ED619F /* MJRefreshFooter.h */ = {isa = PBXFileReference; fileEncoding = 4; lastKnownFileType = sourcecode.c.h; path = MJRefreshFooter.h; sourceTree = "<group>"; };
		E8A5D4DD1C892D7300ED619F /* MJRefreshFooter.m */ = {isa = PBXFileReference; fileEncoding = 4; lastKnownFileType = sourcecode.c.objc; path = MJRefreshFooter.m; sourceTree = "<group>"; };
		E8A5D4DE1C892D7300ED619F /* MJRefreshHeader.h */ = {isa = PBXFileReference; fileEncoding = 4; lastKnownFileType = sourcecode.c.h; path = MJRefreshHeader.h; sourceTree = "<group>"; };
		E8A5D4DF1C892D7300ED619F /* MJRefreshHeader.m */ = {isa = PBXFileReference; fileEncoding = 4; lastKnownFileType = sourcecode.c.objc; path = MJRefreshHeader.m; sourceTree = "<group>"; };
		E8A5D4E31C892D7300ED619F /* MJRefreshAutoGifFooter.h */ = {isa = PBXFileReference; fileEncoding = 4; lastKnownFileType = sourcecode.c.h; path = MJRefreshAutoGifFooter.h; sourceTree = "<group>"; };
		E8A5D4E41C892D7300ED619F /* MJRefreshAutoGifFooter.m */ = {isa = PBXFileReference; fileEncoding = 4; lastKnownFileType = sourcecode.c.objc; path = MJRefreshAutoGifFooter.m; sourceTree = "<group>"; };
		E8A5D4E51C892D7300ED619F /* MJRefreshAutoNormalFooter.h */ = {isa = PBXFileReference; fileEncoding = 4; lastKnownFileType = sourcecode.c.h; path = MJRefreshAutoNormalFooter.h; sourceTree = "<group>"; };
		E8A5D4E61C892D7300ED619F /* MJRefreshAutoNormalFooter.m */ = {isa = PBXFileReference; fileEncoding = 4; lastKnownFileType = sourcecode.c.objc; path = MJRefreshAutoNormalFooter.m; sourceTree = "<group>"; };
		E8A5D4E71C892D7300ED619F /* MJRefreshAutoStateFooter.h */ = {isa = PBXFileReference; fileEncoding = 4; lastKnownFileType = sourcecode.c.h; path = MJRefreshAutoStateFooter.h; sourceTree = "<group>"; };
		E8A5D4E81C892D7300ED619F /* MJRefreshAutoStateFooter.m */ = {isa = PBXFileReference; fileEncoding = 4; lastKnownFileType = sourcecode.c.objc; path = MJRefreshAutoStateFooter.m; sourceTree = "<group>"; };
		E8A5D4EA1C892D7300ED619F /* MJRefreshBackGifFooter.h */ = {isa = PBXFileReference; fileEncoding = 4; lastKnownFileType = sourcecode.c.h; path = MJRefreshBackGifFooter.h; sourceTree = "<group>"; };
		E8A5D4EB1C892D7300ED619F /* MJRefreshBackGifFooter.m */ = {isa = PBXFileReference; fileEncoding = 4; lastKnownFileType = sourcecode.c.objc; path = MJRefreshBackGifFooter.m; sourceTree = "<group>"; };
		E8A5D4EC1C892D7300ED619F /* MJRefreshBackNormalFooter.h */ = {isa = PBXFileReference; fileEncoding = 4; lastKnownFileType = sourcecode.c.h; path = MJRefreshBackNormalFooter.h; sourceTree = "<group>"; };
		E8A5D4ED1C892D7300ED619F /* MJRefreshBackNormalFooter.m */ = {isa = PBXFileReference; fileEncoding = 4; lastKnownFileType = sourcecode.c.objc; path = MJRefreshBackNormalFooter.m; sourceTree = "<group>"; };
		E8A5D4EE1C892D7300ED619F /* MJRefreshBackStateFooter.h */ = {isa = PBXFileReference; fileEncoding = 4; lastKnownFileType = sourcecode.c.h; path = MJRefreshBackStateFooter.h; sourceTree = "<group>"; };
		E8A5D4EF1C892D7300ED619F /* MJRefreshBackStateFooter.m */ = {isa = PBXFileReference; fileEncoding = 4; lastKnownFileType = sourcecode.c.objc; path = MJRefreshBackStateFooter.m; sourceTree = "<group>"; };
		E8A5D4F11C892D7300ED619F /* MJRefreshGifHeader.h */ = {isa = PBXFileReference; fileEncoding = 4; lastKnownFileType = sourcecode.c.h; path = MJRefreshGifHeader.h; sourceTree = "<group>"; };
		E8A5D4F21C892D7300ED619F /* MJRefreshGifHeader.m */ = {isa = PBXFileReference; fileEncoding = 4; lastKnownFileType = sourcecode.c.objc; path = MJRefreshGifHeader.m; sourceTree = "<group>"; };
		E8A5D4F31C892D7300ED619F /* MJRefreshNormalHeader.h */ = {isa = PBXFileReference; fileEncoding = 4; lastKnownFileType = sourcecode.c.h; path = MJRefreshNormalHeader.h; sourceTree = "<group>"; };
		E8A5D4F41C892D7300ED619F /* MJRefreshNormalHeader.m */ = {isa = PBXFileReference; fileEncoding = 4; lastKnownFileType = sourcecode.c.objc; path = MJRefreshNormalHeader.m; sourceTree = "<group>"; };
		E8A5D4F51C892D7300ED619F /* MJRefreshStateHeader.h */ = {isa = PBXFileReference; fileEncoding = 4; lastKnownFileType = sourcecode.c.h; path = MJRefreshStateHeader.h; sourceTree = "<group>"; };
		E8A5D4F61C892D7300ED619F /* MJRefreshStateHeader.m */ = {isa = PBXFileReference; fileEncoding = 4; lastKnownFileType = sourcecode.c.objc; path = MJRefreshStateHeader.m; sourceTree = "<group>"; };
		E8A5D4F71C892D7300ED619F /* MJRefresh.bundle */ = {isa = PBXFileReference; lastKnownFileType = "wrapper.plug-in"; path = MJRefresh.bundle; sourceTree = "<group>"; };
		E8A5D4F81C892D7300ED619F /* MJRefresh.h */ = {isa = PBXFileReference; fileEncoding = 4; lastKnownFileType = sourcecode.c.h; path = MJRefresh.h; sourceTree = "<group>"; };
		E8A5D4F91C892D7300ED619F /* MJRefreshConst.h */ = {isa = PBXFileReference; fileEncoding = 4; lastKnownFileType = sourcecode.c.h; path = MJRefreshConst.h; sourceTree = "<group>"; };
		E8A5D4FA1C892D7300ED619F /* MJRefreshConst.m */ = {isa = PBXFileReference; fileEncoding = 4; lastKnownFileType = sourcecode.c.objc; path = MJRefreshConst.m; sourceTree = "<group>"; };
		E8A5D4FB1C892D7300ED619F /* UIScrollView+MJExtension.h */ = {isa = PBXFileReference; fileEncoding = 4; lastKnownFileType = sourcecode.c.h; path = "UIScrollView+MJExtension.h"; sourceTree = "<group>"; };
		E8A5D4FC1C892D7300ED619F /* UIScrollView+MJExtension.m */ = {isa = PBXFileReference; fileEncoding = 4; lastKnownFileType = sourcecode.c.objc; path = "UIScrollView+MJExtension.m"; sourceTree = "<group>"; };
		E8A5D4FD1C892D7300ED619F /* UIScrollView+MJRefresh.h */ = {isa = PBXFileReference; fileEncoding = 4; lastKnownFileType = sourcecode.c.h; path = "UIScrollView+MJRefresh.h"; sourceTree = "<group>"; };
		E8A5D4FE1C892D7300ED619F /* UIScrollView+MJRefresh.m */ = {isa = PBXFileReference; fileEncoding = 4; lastKnownFileType = sourcecode.c.objc; path = "UIScrollView+MJRefresh.m"; sourceTree = "<group>"; };
		E8A5D4FF1C892D7300ED619F /* UIView+MJExtension.h */ = {isa = PBXFileReference; fileEncoding = 4; lastKnownFileType = sourcecode.c.h; path = "UIView+MJExtension.h"; sourceTree = "<group>"; };
		E8A5D5001C892D7300ED619F /* UIView+MJExtension.m */ = {isa = PBXFileReference; fileEncoding = 4; lastKnownFileType = sourcecode.c.objc; path = "UIView+MJExtension.m"; sourceTree = "<group>"; };
		E8A5D5141C89325500ED619F /* ZWStatusesModel.h */ = {isa = PBXFileReference; fileEncoding = 4; lastKnownFileType = sourcecode.c.h; path = ZWStatusesModel.h; sourceTree = "<group>"; };
		E8A5D5151C89325500ED619F /* ZWStatusesModel.m */ = {isa = PBXFileReference; fileEncoding = 4; lastKnownFileType = sourcecode.c.objc; path = ZWStatusesModel.m; sourceTree = "<group>"; };
		E8E05A471C9AA33F0008F106 /* WriteStatueViewController.h */ = {isa = PBXFileReference; fileEncoding = 4; lastKnownFileType = sourcecode.c.h; path = WriteStatueViewController.h; sourceTree = "<group>"; };
		E8E05A481C9AA33F0008F106 /* WriteStatueViewController.m */ = {isa = PBXFileReference; fileEncoding = 4; lastKnownFileType = sourcecode.c.objc; path = WriteStatueViewController.m; sourceTree = "<group>"; };
		E8E7FBBB1C85DB8B002E574A /* ZWMainTabBarControler.m */ = {isa = PBXFileReference; fileEncoding = 4; lastKnownFileType = sourcecode.c.objc; path = ZWMainTabBarControler.m; sourceTree = "<group>"; };
		E8F07C391CA0456300DE6A0B /* ZWNavigationController.h */ = {isa = PBXFileReference; fileEncoding = 4; lastKnownFileType = sourcecode.c.h; path = ZWNavigationController.h; sourceTree = "<group>"; };
		E8F07C3A1CA0456300DE6A0B /* ZWNavigationController.m */ = {isa = PBXFileReference; fileEncoding = 4; lastKnownFileType = sourcecode.c.objc; path = ZWNavigationController.m; sourceTree = "<group>"; };
		E8F07C411CA0502B00DE6A0B /* ServerRequestManager.h */ = {isa = PBXFileReference; fileEncoding = 4; lastKnownFileType = sourcecode.c.h; path = ServerRequestManager.h; sourceTree = "<group>"; };
		E8F07C421CA0502B00DE6A0B /* ServerRequestManager.m */ = {isa = PBXFileReference; fileEncoding = 4; lastKnownFileType = sourcecode.c.objc; path = ServerRequestManager.m; sourceTree = "<group>"; };
		E8F89A991C8BD8A500E83B05 /* ZWProfileTableViewControler.h */ = {isa = PBXFileReference; fileEncoding = 4; lastKnownFileType = sourcecode.c.h; path = ZWProfileTableViewControler.h; sourceTree = "<group>"; };
		E8F89A9A1C8BD8A500E83B05 /* ZWProfileTableViewControler.m */ = {isa = PBXFileReference; fileEncoding = 4; lastKnownFileType = sourcecode.c.objc; path = ZWProfileTableViewControler.m; sourceTree = "<group>"; };
/* End PBXFileReference section */

/* Begin PBXFrameworksBuildPhase section */
		E82BB6CD1C84283A00911AC8 /* Frameworks */ = {
			isa = PBXFrameworksBuildPhase;
			buildActionMask = 2147483647;
			files = (
				E872F9251C91792E000F9996 /* CoreData.framework in Frameworks */,
				E88305961C8FFE6200D16C59 /* MapKit.framework in Frameworks */,
			);
			runOnlyForDeploymentPostprocessing = 0;
		};
		E82BB6E91C84283A00911AC8 /* Frameworks */ = {
			isa = PBXFrameworksBuildPhase;
			buildActionMask = 2147483647;
			files = (
			);
			runOnlyForDeploymentPostprocessing = 0;
		};
		E82BB6F41C84283A00911AC8 /* Frameworks */ = {
			isa = PBXFrameworksBuildPhase;
			buildActionMask = 2147483647;
			files = (
			);
			runOnlyForDeploymentPostprocessing = 0;
		};
/* End PBXFrameworksBuildPhase section */

/* Begin PBXGroup section */
		E82BB6C71C84283900911AC8 = {
			isa = PBXGroup;
			children = (
				E872F9241C91792E000F9996 /* CoreData.framework */,
				E88305951C8FFE6200D16C59 /* MapKit.framework */,
				E82BB6D21C84283A00911AC8 /* MyWeiBo */,
				E82BB6EF1C84283A00911AC8 /* MyWeiBoTests */,
				E82BB6FA1C84283A00911AC8 /* MyWeiBoUITests */,
				E82BB6D11C84283A00911AC8 /* Products */,
			);
			sourceTree = "<group>";
		};
		E82BB6D11C84283A00911AC8 /* Products */ = {
			isa = PBXGroup;
			children = (
				E82BB6D01C84283A00911AC8 /* MyWeiBo.app */,
				E82BB6EC1C84283A00911AC8 /* MyWeiBoTests.xctest */,
				E82BB6F71C84283A00911AC8 /* MyWeiBoUITests.xctest */,
			);
			name = Products;
			sourceTree = "<group>";
		};
		E82BB6D21C84283A00911AC8 /* MyWeiBo */ = {
			isa = PBXGroup;
			children = (
				E8F07C2B1CA03E9100DE6A0B /* Universal */,
				E8F07C2E1CA03EC400DE6A0B /* MainCtrol */,
				E8F07C321CA03F9100DE6A0B /* AppDelegate */,
				E82BB6D31C84283A00911AC8 /* Supporting Files */,
			);
			path = MyWeiBo;
			sourceTree = "<group>";
		};
		E82BB6D31C84283A00911AC8 /* Supporting Files */ = {
			isa = PBXGroup;
			children = (
				E82BB6E71C84283A00911AC8 /* Info.plist */,
				E82BB6E21C84283A00911AC8 /* Assets.xcassets */,
				E82BB6D41C84283A00911AC8 /* main.m */,
			);
			name = "Supporting Files";
			sourceTree = "<group>";
		};
		E82BB6EF1C84283A00911AC8 /* MyWeiBoTests */ = {
			isa = PBXGroup;
			children = (
				E82BB6F01C84283A00911AC8 /* MyWeiBoTests.m */,
				E82BB6F21C84283A00911AC8 /* Info.plist */,
			);
			path = MyWeiBoTests;
			sourceTree = "<group>";
		};
		E82BB6FA1C84283A00911AC8 /* MyWeiBoUITests */ = {
			isa = PBXGroup;
			children = (
				E82BB6FB1C84283A00911AC8 /* MyWeiBoUITests.m */,
				E82BB6FD1C84283A00911AC8 /* Info.plist */,
			);
			path = MyWeiBoUITests;
			sourceTree = "<group>";
		};
		E86038561C848BD600602AB8 /* AFNetworking */ = {
			isa = PBXGroup;
			children = (
				E86038571C848BD600602AB8 /* AFHTTPRequestOperation.h */,
				E86038581C848BD600602AB8 /* AFHTTPRequestOperation.m */,
				E86038591C848BD600602AB8 /* AFHTTPRequestOperationManager.h */,
				E860385A1C848BD600602AB8 /* AFHTTPRequestOperationManager.m */,
				E860385B1C848BD600602AB8 /* AFHTTPSessionManager.h */,
				E860385C1C848BD600602AB8 /* AFHTTPSessionManager.m */,
				E860385D1C848BD600602AB8 /* AFNetworking.h */,
				E860385E1C848BD600602AB8 /* AFNetworkReachabilityManager.h */,
				E860385F1C848BD600602AB8 /* AFNetworkReachabilityManager.m */,
				E86038601C848BD700602AB8 /* AFSecurityPolicy.h */,
				E86038611C848BD700602AB8 /* AFSecurityPolicy.m */,
				E86038621C848BD700602AB8 /* AFURLConnectionOperation.h */,
				E86038631C848BD700602AB8 /* AFURLConnectionOperation.m */,
				E86038641C848BD700602AB8 /* AFURLRequestSerialization.h */,
				E86038651C848BD700602AB8 /* AFURLRequestSerialization.m */,
				E86038661C848BD700602AB8 /* AFURLResponseSerialization.h */,
				E86038671C848BD700602AB8 /* AFURLResponseSerialization.m */,
				E86038681C848BD700602AB8 /* AFURLSessionManager.h */,
				E86038691C848BD700602AB8 /* AFURLSessionManager.m */,
			);
			path = AFNetworking;
			sourceTree = "<group>";
		};
		E86038741C848E2200602AB8 /* model */ = {
			isa = PBXGroup;
			children = (
				E8A5D5141C89325500ED619F /* ZWStatusesModel.h */,
				E8A5D5151C89325500ED619F /* ZWStatusesModel.m */,
				E886346A1C895AF3003ABA3E /* ZWCommentsModel.h */,
				E886346B1C895AF3003ABA3E /* ZWCommentsModel.m */,
			);
			name = model;
			sourceTree = "<group>";
		};
		E868EED71CBF7DD100723C77 /* model */ = {
			isa = PBXGroup;
			children = (
				E868EED41CBF79EE00723C77 /* ZWUserInfoModel.h */,
				E868EED51CBF79EE00723C77 /* ZWUserInfoModel.m */,
			);
			name = model;
			sourceTree = "<group>";
		};
		E8702B4F1CC8B7070038B0E3 /* MJPhotoBrowser */ = {
			isa = PBXGroup;
			children = (
				E8702B501CC8B7070038B0E3 /* MJPhoto.h */,
				E8702B511CC8B7070038B0E3 /* MJPhoto.m */,
				E8702B521CC8B7070038B0E3 /* MJPhotoBrowser.bundle */,
				E8702B531CC8B7070038B0E3 /* MJPhotoBrowser.h */,
				E8702B541CC8B7070038B0E3 /* MJPhotoBrowser.m */,
				E8702B551CC8B7070038B0E3 /* MJPhotoLoadingView.h */,
				E8702B561CC8B7070038B0E3 /* MJPhotoLoadingView.m */,
				E8702B571CC8B7070038B0E3 /* MJPhotoProgressView.h */,
				E8702B581CC8B7070038B0E3 /* MJPhotoProgressView.m */,
				E8702B591CC8B7070038B0E3 /* MJPhotoToolbar.h */,
				E8702B5A1CC8B7070038B0E3 /* MJPhotoToolbar.m */,
				E8702B5B1CC8B7070038B0E3 /* MJPhotoView.h */,
				E8702B5C1CC8B7070038B0E3 /* MJPhotoView.m */,
				E8702B5D1CC8B7070038B0E3 /* SDWebImageManager+MJ.h */,
				E8702B5E1CC8B7070038B0E3 /* SDWebImageManager+MJ.m */,
			);
			path = MJPhotoBrowser;
			sourceTree = "<group>";
		};
		E8702B671CC8B7570038B0E3 /* UIKit+AFNetworking */ = {
			isa = PBXGroup;
			children = (
				E8702B681CC8B7570038B0E3 /* AFNetworkActivityIndicatorManager.h */,
				E8702B691CC8B7570038B0E3 /* AFNetworkActivityIndicatorManager.m */,
				E8702B6A1CC8B7570038B0E3 /* UIActivityIndicatorView+AFNetworking.h */,
				E8702B6B1CC8B7570038B0E3 /* UIActivityIndicatorView+AFNetworking.m */,
				E8702B6C1CC8B7570038B0E3 /* UIAlertView+AFNetworking.h */,
				E8702B6D1CC8B7570038B0E3 /* UIAlertView+AFNetworking.m */,
				E8702B6E1CC8B7570038B0E3 /* UIButton+AFNetworking.h */,
				E8702B6F1CC8B7570038B0E3 /* UIButton+AFNetworking.m */,
				E8702B701CC8B7570038B0E3 /* UIImageView+AFNetworking.h */,
				E8702B711CC8B7570038B0E3 /* UIImageView+AFNetworking.m */,
				E8702B721CC8B7570038B0E3 /* UIKit+AFNetworking.h */,
				E8702B731CC8B7570038B0E3 /* UIProgressView+AFNetworking.h */,
				E8702B741CC8B7570038B0E3 /* UIProgressView+AFNetworking.m */,
				E8702B751CC8B7570038B0E3 /* UIRefreshControl+AFNetworking.h */,
				E8702B761CC8B7570038B0E3 /* UIRefreshControl+AFNetworking.m */,
				E8702B771CC8B7570038B0E3 /* UIWebView+AFNetworking.h */,
				E8702B781CC8B7570038B0E3 /* UIWebView+AFNetworking.m */,
			);
			path = "UIKit+AFNetworking";
			sourceTree = "<group>";
		};
		E8702B901CC8B9830038B0E3 /* MBProgressHUD */ = {
			isa = PBXGroup;
			children = (
				E8702B911CC8B9830038B0E3 /* MBProgressHUD+MJ.h */,
				E8702B921CC8B9830038B0E3 /* MBProgressHUD+MJ.m */,
				E8702B931CC8B9830038B0E3 /* MBProgressHUD.bundle */,
				E8702B941CC8B9830038B0E3 /* MBProgressHUD.h */,
				E8702B951CC8B9830038B0E3 /* MBProgressHUD.m */,
			);
			path = MBProgressHUD;
			sourceTree = "<group>";
		};
		E8702B991CC8BB270038B0E3 /* SVProgressHUD */ = {
			isa = PBXGroup;
			children = (
				E8702B9A1CC8BB3F0038B0E3 /* SVIndefiniteAnimatedView.h */,
				E8702B9B1CC8BB3F0038B0E3 /* SVIndefiniteAnimatedView.m */,
				E8702B9C1CC8BB3F0038B0E3 /* SVProgressHUD.bundle */,
				E8702B9D1CC8BB3F0038B0E3 /* SVProgressHUD.h */,
				E8702B9E1CC8BB3F0038B0E3 /* SVProgressHUD.m */,
			);
			name = SVProgressHUD;
			sourceTree = "<group>";
		};
		E88305631C8FFE4D00D16C59 /* SDWebImage */ = {
			isa = PBXGroup;
			children = (
				E88305641C8FFE4D00D16C59 /* MKAnnotationView+WebCache.h */,
				E88305651C8FFE4D00D16C59 /* MKAnnotationView+WebCache.m */,
				E88305661C8FFE4D00D16C59 /* NSData+ImageContentType.h */,
				E88305671C8FFE4D00D16C59 /* NSData+ImageContentType.m */,
				E88305681C8FFE4D00D16C59 /* SDImageCache.h */,
				E88305691C8FFE4D00D16C59 /* SDImageCache.m */,
				E883056A1C8FFE4D00D16C59 /* SDWebImageCompat.h */,
				E883056B1C8FFE4D00D16C59 /* SDWebImageCompat.m */,
				E883056C1C8FFE4D00D16C59 /* SDWebImageDecoder.h */,
				E883056D1C8FFE4D00D16C59 /* SDWebImageDecoder.m */,
				E883056E1C8FFE4D00D16C59 /* SDWebImageDownloader.h */,
				E883056F1C8FFE4D00D16C59 /* SDWebImageDownloader.m */,
				E88305701C8FFE4D00D16C59 /* SDWebImageDownloaderOperation.h */,
				E88305711C8FFE4D00D16C59 /* SDWebImageDownloaderOperation.m */,
				E88305721C8FFE4D00D16C59 /* SDWebImageManager.h */,
				E88305731C8FFE4D00D16C59 /* SDWebImageManager.m */,
				E88305741C8FFE4D00D16C59 /* SDWebImageOperation.h */,
				E88305751C8FFE4D00D16C59 /* SDWebImagePrefetcher.h */,
				E88305761C8FFE4D00D16C59 /* SDWebImagePrefetcher.m */,
				E88305771C8FFE4D00D16C59 /* UIButton+WebCache.h */,
				E88305781C8FFE4D00D16C59 /* UIButton+WebCache.m */,
				E88305791C8FFE4D00D16C59 /* UIImage+GIF.h */,
				E883057A1C8FFE4D00D16C59 /* UIImage+GIF.m */,
				E883057B1C8FFE4D00D16C59 /* UIImage+MultiFormat.h */,
				E883057C1C8FFE4D00D16C59 /* UIImage+MultiFormat.m */,
				E883057D1C8FFE4D00D16C59 /* UIImage+WebP.h */,
				E883057E1C8FFE4D00D16C59 /* UIImage+WebP.m */,
				E883057F1C8FFE4D00D16C59 /* UIImageView+HighlightedWebCache.h */,
				E88305801C8FFE4D00D16C59 /* UIImageView+HighlightedWebCache.m */,
				E88305811C8FFE4D00D16C59 /* UIImageView+WebCache.h */,
				E88305821C8FFE4D00D16C59 /* UIImageView+WebCache.m */,
				E88305831C8FFE4D00D16C59 /* UIView+WebCacheOperation.h */,
				E88305841C8FFE4D00D16C59 /* UIView+WebCacheOperation.m */,
			);
			path = SDWebImage;
			sourceTree = "<group>";
		};
		E88C317E1CBCE8EC00AE044F /* View */ = {
			isa = PBXGroup;
			children = (
				E88C31811CBCE94200AE044F /* ZWUserHeaderViewController.h */,
				E88C31821CBCE94200AE044F /* ZWUserHeaderViewController.m */,
				E88C31831CBCE94200AE044F /* ZWUserHeaderViewController.xib */,
			);
			name = View;
			sourceTree = "<group>";
		};
		E8A5D4D41C892D7300ED619F /* MJRefresh */ = {
			isa = PBXGroup;
			children = (
				E8A5D4D51C892D7300ED619F /* Base */,
				E8A5D4E01C892D7300ED619F /* Custom */,
				E8A5D4F71C892D7300ED619F /* MJRefresh.bundle */,
				E8A5D4F81C892D7300ED619F /* MJRefresh.h */,
				E8A5D4F91C892D7300ED619F /* MJRefreshConst.h */,
				E8A5D4FA1C892D7300ED619F /* MJRefreshConst.m */,
				E8A5D4FB1C892D7300ED619F /* UIScrollView+MJExtension.h */,
				E8A5D4FC1C892D7300ED619F /* UIScrollView+MJExtension.m */,
				E8A5D4FD1C892D7300ED619F /* UIScrollView+MJRefresh.h */,
				E8A5D4FE1C892D7300ED619F /* UIScrollView+MJRefresh.m */,
				E8A5D4FF1C892D7300ED619F /* UIView+MJExtension.h */,
				E8A5D5001C892D7300ED619F /* UIView+MJExtension.m */,
			);
			path = MJRefresh;
			sourceTree = "<group>";
		};
		E8A5D4D51C892D7300ED619F /* Base */ = {
			isa = PBXGroup;
			children = (
				E8A5D4D61C892D7300ED619F /* MJRefreshAutoFooter.h */,
				E8A5D4D71C892D7300ED619F /* MJRefreshAutoFooter.m */,
				E8A5D4D81C892D7300ED619F /* MJRefreshBackFooter.h */,
				E8A5D4D91C892D7300ED619F /* MJRefreshBackFooter.m */,
				E8A5D4DA1C892D7300ED619F /* MJRefreshComponent.h */,
				E8A5D4DB1C892D7300ED619F /* MJRefreshComponent.m */,
				E8A5D4DC1C892D7300ED619F /* MJRefreshFooter.h */,
				E8A5D4DD1C892D7300ED619F /* MJRefreshFooter.m */,
				E8A5D4DE1C892D7300ED619F /* MJRefreshHeader.h */,
				E8A5D4DF1C892D7300ED619F /* MJRefreshHeader.m */,
			);
			path = Base;
			sourceTree = "<group>";
		};
		E8A5D4E01C892D7300ED619F /* Custom */ = {
			isa = PBXGroup;
			children = (
				E8A5D4E11C892D7300ED619F /* Footer */,
				E8A5D4F01C892D7300ED619F /* Header */,
			);
			path = Custom;
			sourceTree = "<group>";
		};
		E8A5D4E11C892D7300ED619F /* Footer */ = {
			isa = PBXGroup;
			children = (
				E8A5D4E21C892D7300ED619F /* Auto */,
				E8A5D4E91C892D7300ED619F /* Back */,
			);
			path = Footer;
			sourceTree = "<group>";
		};
		E8A5D4E21C892D7300ED619F /* Auto */ = {
			isa = PBXGroup;
			children = (
				E8A5D4E31C892D7300ED619F /* MJRefreshAutoGifFooter.h */,
				E8A5D4E41C892D7300ED619F /* MJRefreshAutoGifFooter.m */,
				E8A5D4E51C892D7300ED619F /* MJRefreshAutoNormalFooter.h */,
				E8A5D4E61C892D7300ED619F /* MJRefreshAutoNormalFooter.m */,
				E8A5D4E71C892D7300ED619F /* MJRefreshAutoStateFooter.h */,
				E8A5D4E81C892D7300ED619F /* MJRefreshAutoStateFooter.m */,
			);
			path = Auto;
			sourceTree = "<group>";
		};
		E8A5D4E91C892D7300ED619F /* Back */ = {
			isa = PBXGroup;
			children = (
				E8A5D4EA1C892D7300ED619F /* MJRefreshBackGifFooter.h */,
				E8A5D4EB1C892D7300ED619F /* MJRefreshBackGifFooter.m */,
				E8A5D4EC1C892D7300ED619F /* MJRefreshBackNormalFooter.h */,
				E8A5D4ED1C892D7300ED619F /* MJRefreshBackNormalFooter.m */,
				E8A5D4EE1C892D7300ED619F /* MJRefreshBackStateFooter.h */,
				E8A5D4EF1C892D7300ED619F /* MJRefreshBackStateFooter.m */,
			);
			path = Back;
			sourceTree = "<group>";
		};
		E8A5D4F01C892D7300ED619F /* Header */ = {
			isa = PBXGroup;
			children = (
				E8A5D4F11C892D7300ED619F /* MJRefreshGifHeader.h */,
				E8A5D4F21C892D7300ED619F /* MJRefreshGifHeader.m */,
				E8A5D4F31C892D7300ED619F /* MJRefreshNormalHeader.h */,
				E8A5D4F41C892D7300ED619F /* MJRefreshNormalHeader.m */,
				E8A5D4F51C892D7300ED619F /* MJRefreshStateHeader.h */,
				E8A5D4F61C892D7300ED619F /* MJRefreshStateHeader.m */,
			);
			path = Header;
			sourceTree = "<group>";
		};
		E8F07C2B1CA03E9100DE6A0B /* Universal */ = {
			isa = PBXGroup;
			children = (
				E8F07C2D1CA03EA900DE6A0B /* Base */,
				E8F07C2C1CA03EA000DE6A0B /* Help */,
				E8F07C411CA0502B00DE6A0B /* ServerRequestManager.h */,
				E8F07C421CA0502B00DE6A0B /* ServerRequestManager.m */,
			);
			name = Universal;
			sourceTree = "<group>";
		};
		E8F07C2C1CA03EA000DE6A0B /* Help */ = {
			isa = PBXGroup;
			children = (
				E87DFA2B1C856B4C00490F34 /* OAuthWebViewController.h */,
				E87DFA2C1C856B4C00490F34 /* OAuthWebViewController.m */,
				E872C24D1C868A92000F07C6 /* CommonInfo.h */,
				E83F3B9E1C8BFFE000BA2F66 /* NSString+Extent.h */,
				E83F3B9F1C8BFFE000BA2F66 /* NSString+Extent.m */,
				E881BF731CBF480800EFA335 /* NetworkingUtil.h */,
				E881BF741CBF480800EFA335 /* NetworkingUtil.m */,
			);
			name = Help;
			sourceTree = "<group>";
		};
		E8F07C2D1CA03EA900DE6A0B /* Base */ = {
			isa = PBXGroup;
			children = (
				E8F07C341CA0400F00DE6A0B /* Framework */,
				E8F07C331CA0400000DE6A0B /* TabbarViewControl */,
			);
			name = Base;
			sourceTree = "<group>";
		};
		E8F07C2E1CA03EC400DE6A0B /* MainCtrol */ = {
			isa = PBXGroup;
			children = (
				E8F07C371CA043B800DE6A0B /* PublicVc */,
				E8F07C361CA0423400DE6A0B /* WikiVc */,
				E8F07C311CA03F3100DE6A0B /* HotStatusVc */,
				E8F07C301CA03F0200DE6A0B /* ProfileVc */,
				E8F07C2F1CA03EF400DE6A0B /* HomeVc */,
			);
			name = MainCtrol;
			sourceTree = "<group>";
		};
		E8F07C2F1CA03EF400DE6A0B /* HomeVc */ = {
			isa = PBXGroup;
			children = (
				E86038741C848E2200602AB8 /* model */,
				E8F07C381CA0449200DE6A0B /* View */,
				E86038521C84829000602AB8 /* ZWMainTableViewController.h */,
				E86038531C84829000602AB8 /* ZWMainTableViewController.m */,
			);
			name = HomeVc;
			sourceTree = "<group>";
		};
		E8F07C301CA03F0200DE6A0B /* ProfileVc */ = {
			isa = PBXGroup;
			children = (
				E868EED71CBF7DD100723C77 /* model */,
				E8F89A991C8BD8A500E83B05 /* ZWProfileTableViewControler.h */,
				E8F89A9A1C8BD8A500E83B05 /* ZWProfileTableViewControler.m */,
			);
			name = ProfileVc;
			sourceTree = "<group>";
		};
		E8F07C311CA03F3100DE6A0B /* HotStatusVc */ = {
			isa = PBXGroup;
			children = (
			);
			name = HotStatusVc;
			sourceTree = "<group>";
		};
		E8F07C321CA03F9100DE6A0B /* AppDelegate */ = {
			isa = PBXGroup;
			children = (
				E82BB6D61C84283A00911AC8 /* AppDelegate.h */,
				E82BB6D71C84283A00911AC8 /* AppDelegate.m */,
				E881BF721CBF442100EFA335 /* AppDefine.h */,
			);
			name = AppDelegate;
			sourceTree = "<group>";
		};
		E8F07C331CA0400000DE6A0B /* TabbarViewControl */ = {
			isa = PBXGroup;
			children = (
				E8702B8D1CC8B8430038B0E3 /* TabBarButton.h */,
				E8702B8E1CC8B8430038B0E3 /* TabBarButton.m */,
				E801972D1C88021E008EAC16 /* ZWMainTabBarControler.h */,
				E8E7FBBB1C85DB8B002E574A /* ZWMainTabBarControler.m */,
				E8F07C391CA0456300DE6A0B /* ZWNavigationController.h */,
				E8F07C3A1CA0456300DE6A0B /* ZWNavigationController.m */,
			);
			name = TabbarViewControl;
			sourceTree = "<group>";
		};
		E8F07C341CA0400F00DE6A0B /* Framework */ = {
			isa = PBXGroup;
			children = (
				E8702B991CC8BB270038B0E3 /* SVProgressHUD */,
				E8702B901CC8B9830038B0E3 /* MBProgressHUD */,
				E8702B671CC8B7570038B0E3 /* UIKit+AFNetworking */,
				E8702B4F1CC8B7070038B0E3 /* MJPhotoBrowser */,
				E86038561C848BD600602AB8 /* AFNetworking */,
				E88305631C8FFE4D00D16C59 /* SDWebImage */,
				E8A5D4D41C892D7300ED619F /* MJRefresh */,
			);
			name = Framework;
			sourceTree = "<group>";
		};
		E8F07C361CA0423400DE6A0B /* WikiVc */ = {
			isa = PBXGroup;
			children = (
			);
			name = WikiVc;
			sourceTree = "<group>";
		};
		E8F07C371CA043B800DE6A0B /* PublicVc */ = {
			isa = PBXGroup;
			children = (
				E88C317E1CBCE8EC00AE044F /* View */,
				E87441F61C87EF4C00801622 /* ZWDetailTableViewControler.h */,
				E87441F71C87EF4C00801622 /* ZWDetailTableViewControler.m */,
				E8E05A471C9AA33F0008F106 /* WriteStatueViewController.h */,
				E8E05A481C9AA33F0008F106 /* WriteStatueViewController.m */,
				E88C31791CBCD8EC00AE044F /* ZWUserInfoViewControler.h */,
				E88C317A1CBCD8EC00AE044F /* ZWUserInfoViewControler.m */,
			);
			name = PublicVc;
			sourceTree = "<group>";
		};
		E8F07C381CA0449200DE6A0B /* View */ = {
			isa = PBXGroup;
			children = (
				E860384C1C8481D400602AB8 /* ZWStatusCell.h */,
				E860384D1C8481D400602AB8 /* ZWStatusCell.m */,
				E860384E1C8481D400602AB8 /* ZWStatusCell.xib */,
				E801972E1C880A1F008EAC16 /* ZWCommentsCell.h */,
				E801972F1C880A1F008EAC16 /* ZWCommentsCell.m */,
				E80197311C880A41008EAC16 /* ZWCommentsCell.xib */,
			);
			name = View;
			sourceTree = "<group>";
		};
/* End PBXGroup section */

/* Begin PBXNativeTarget section */
		E82BB6CF1C84283A00911AC8 /* MyWeiBo */ = {
			isa = PBXNativeTarget;
			buildConfigurationList = E82BB7001C84283A00911AC8 /* Build configuration list for PBXNativeTarget "MyWeiBo" */;
			buildPhases = (
				E82BB6CC1C84283A00911AC8 /* Sources */,
				E82BB6CD1C84283A00911AC8 /* Frameworks */,
				E82BB6CE1C84283A00911AC8 /* Resources */,
			);
			buildRules = (
			);
			dependencies = (
			);
			name = MyWeiBo;
			productName = MyWeiBo;
			productReference = E82BB6D01C84283A00911AC8 /* MyWeiBo.app */;
			productType = "com.apple.product-type.application";
		};
		E82BB6EB1C84283A00911AC8 /* MyWeiBoTests */ = {
			isa = PBXNativeTarget;
			buildConfigurationList = E82BB7031C84283A00911AC8 /* Build configuration list for PBXNativeTarget "MyWeiBoTests" */;
			buildPhases = (
				E82BB6E81C84283A00911AC8 /* Sources */,
				E82BB6E91C84283A00911AC8 /* Frameworks */,
				E82BB6EA1C84283A00911AC8 /* Resources */,
			);
			buildRules = (
			);
			dependencies = (
				E82BB6EE1C84283A00911AC8 /* PBXTargetDependency */,
			);
			name = MyWeiBoTests;
			productName = MyWeiBoTests;
			productReference = E82BB6EC1C84283A00911AC8 /* MyWeiBoTests.xctest */;
			productType = "com.apple.product-type.bundle.unit-test";
		};
		E82BB6F61C84283A00911AC8 /* MyWeiBoUITests */ = {
			isa = PBXNativeTarget;
			buildConfigurationList = E82BB7061C84283A00911AC8 /* Build configuration list for PBXNativeTarget "MyWeiBoUITests" */;
			buildPhases = (
				E82BB6F31C84283A00911AC8 /* Sources */,
				E82BB6F41C84283A00911AC8 /* Frameworks */,
				E82BB6F51C84283A00911AC8 /* Resources */,
			);
			buildRules = (
			);
			dependencies = (
				E82BB6F91C84283A00911AC8 /* PBXTargetDependency */,
			);
			name = MyWeiBoUITests;
			productName = MyWeiBoUITests;
			productReference = E82BB6F71C84283A00911AC8 /* MyWeiBoUITests.xctest */;
			productType = "com.apple.product-type.bundle.ui-testing";
		};
/* End PBXNativeTarget section */

/* Begin PBXProject section */
		E82BB6C81C84283900911AC8 /* Project object */ = {
			isa = PBXProject;
			attributes = {
				LastUpgradeCheck = 0710;
				ORGANIZATIONNAME = simplysky;
				TargetAttributes = {
					E82BB6CF1C84283A00911AC8 = {
						CreatedOnToolsVersion = 7.1;
						DevelopmentTeam = CB4SP3FGLM;
					};
					E82BB6EB1C84283A00911AC8 = {
						CreatedOnToolsVersion = 7.1;
						DevelopmentTeam = CB4SP3FGLM;
						TestTargetID = E82BB6CF1C84283A00911AC8;
					};
					E82BB6F61C84283A00911AC8 = {
						CreatedOnToolsVersion = 7.1;
						DevelopmentTeam = CB4SP3FGLM;
						TestTargetID = E82BB6CF1C84283A00911AC8;
					};
				};
			};
			buildConfigurationList = E82BB6CB1C84283A00911AC8 /* Build configuration list for PBXProject "MyWeiBo" */;
			compatibilityVersion = "Xcode 3.2";
			developmentRegion = English;
			hasScannedForEncodings = 0;
			knownRegions = (
				en,
				Base,
			);
			mainGroup = E82BB6C71C84283900911AC8;
			productRefGroup = E82BB6D11C84283A00911AC8 /* Products */;
			projectDirPath = "";
			projectRoot = "";
			targets = (
				E82BB6CF1C84283A00911AC8 /* MyWeiBo */,
				E82BB6EB1C84283A00911AC8 /* MyWeiBoTests */,
				E82BB6F61C84283A00911AC8 /* MyWeiBoUITests */,
			);
		};
/* End PBXProject section */

/* Begin PBXResourcesBuildPhase section */
		E82BB6CE1C84283A00911AC8 /* Resources */ = {
			isa = PBXResourcesBuildPhase;
			buildActionMask = 2147483647;
			files = (
				E8702B971CC8B9830038B0E3 /* MBProgressHUD.bundle in Resources */,
				E86038501C8481D400602AB8 /* ZWStatusCell.xib in Resources */,
				E88C31851CBCE94200AE044F /* ZWUserHeaderViewController.xib in Resources */,
				E8702BA01CC8BB3F0038B0E3 /* SVProgressHUD.bundle in Resources */,
				E8A5D50F1C892D7300ED619F /* MJRefresh.bundle in Resources */,
				E82BB6E31C84283A00911AC8 /* Assets.xcassets in Resources */,
				E80197321C880A41008EAC16 /* ZWCommentsCell.xib in Resources */,
				E8702B601CC8B7070038B0E3 /* MJPhotoBrowser.bundle in Resources */,
			);
			runOnlyForDeploymentPostprocessing = 0;
		};
		E82BB6EA1C84283A00911AC8 /* Resources */ = {
			isa = PBXResourcesBuildPhase;
			buildActionMask = 2147483647;
			files = (
			);
			runOnlyForDeploymentPostprocessing = 0;
		};
		E82BB6F51C84283A00911AC8 /* Resources */ = {
			isa = PBXResourcesBuildPhase;
			buildActionMask = 2147483647;
			files = (
			);
			runOnlyForDeploymentPostprocessing = 0;
		};
/* End PBXResourcesBuildPhase section */

/* Begin PBXSourcesBuildPhase section */
		E82BB6CC1C84283A00911AC8 /* Sources */ = {
			isa = PBXSourcesBuildPhase;
			buildActionMask = 2147483647;
			files = (
				E82BB6D81C84283A00911AC8 /* AppDelegate.m in Sources */,
				E88305911C8FFE4D00D16C59 /* UIImage+WebP.m in Sources */,
				E883058E1C8FFE4D00D16C59 /* UIButton+WebCache.m in Sources */,
				E8A5D5061C892D7300ED619F /* MJRefreshAutoGifFooter.m in Sources */,
				E8702B8F1CC8B8430038B0E3 /* TabBarButton.m in Sources */,
				E8A5D5081C892D7300ED619F /* MJRefreshAutoStateFooter.m in Sources */,
				E860386E1C848BD700602AB8 /* AFSecurityPolicy.m in Sources */,
				E8702B631CC8B7070038B0E3 /* MJPhotoProgressView.m in Sources */,
				E8702B611CC8B7070038B0E3 /* MJPhotoBrowser.m in Sources */,
				E8E05A491C9AA33F0008F106 /* WriteStatueViewController.m in Sources */,
				E8702B5F1CC8B7070038B0E3 /* MJPhoto.m in Sources */,
				E8702B661CC8B7070038B0E3 /* SDWebImageManager+MJ.m in Sources */,
				E8A5D5031C892D7300ED619F /* MJRefreshComponent.m in Sources */,
				E8A5D5041C892D7300ED619F /* MJRefreshFooter.m in Sources */,
				E80197301C880A1F008EAC16 /* ZWCommentsCell.m in Sources */,
				E88305871C8FFE4D00D16C59 /* SDImageCache.m in Sources */,
				E8702B651CC8B7070038B0E3 /* MJPhotoView.m in Sources */,
				E82BB6D51C84283A00911AC8 /* main.m in Sources */,
				E8702B961CC8B9830038B0E3 /* MBProgressHUD+MJ.m in Sources */,
				E8702B801CC8B7570038B0E3 /* UIWebView+AFNetworking.m in Sources */,
				E8702B9F1CC8BB3F0038B0E3 /* SVIndefiniteAnimatedView.m in Sources */,
				E88305861C8FFE4D00D16C59 /* NSData+ImageContentType.m in Sources */,
				E860386B1C848BD700602AB8 /* AFHTTPRequestOperationManager.m in Sources */,
				E8702BA11CC8BB3F0038B0E3 /* SVProgressHUD.m in Sources */,
				E8A5D5121C892D7300ED619F /* UIScrollView+MJRefresh.m in Sources */,
				E8A5D5111C892D7300ED619F /* UIScrollView+MJExtension.m in Sources */,
				E88305851C8FFE4D00D16C59 /* MKAnnotationView+WebCache.m in Sources */,
				E8A5D50C1C892D7300ED619F /* MJRefreshGifHeader.m in Sources */,
				E860386F1C848BD700602AB8 /* AFURLConnectionOperation.m in Sources */,
				E88305931C8FFE4D00D16C59 /* UIImageView+WebCache.m in Sources */,
				E8A5D50E1C892D7300ED619F /* MJRefreshStateHeader.m in Sources */,
				E860386A1C848BD700602AB8 /* AFHTTPRequestOperation.m in Sources */,
				E883058B1C8FFE4D00D16C59 /* SDWebImageDownloaderOperation.m in Sources */,
				E8702B7D1CC8B7570038B0E3 /* UIImageView+AFNetworking.m in Sources */,
				E8A5D50A1C892D7300ED619F /* MJRefreshBackNormalFooter.m in Sources */,
				E8F07C431CA0502B00DE6A0B /* ServerRequestManager.m in Sources */,
				E8F07C3B1CA0456300DE6A0B /* ZWNavigationController.m in Sources */,
				E860384F1C8481D400602AB8 /* ZWStatusCell.m in Sources */,
				E8E7FBBC1C85DB8B002E574A /* ZWMainTabBarControler.m in Sources */,
				E8702B621CC8B7070038B0E3 /* MJPhotoLoadingView.m in Sources */,
				E8702B7B1CC8B7570038B0E3 /* UIAlertView+AFNetworking.m in Sources */,
				E88305881C8FFE4D00D16C59 /* SDWebImageCompat.m in Sources */,
				E883058F1C8FFE4D00D16C59 /* UIImage+GIF.m in Sources */,
				E88305921C8FFE4D00D16C59 /* UIImageView+HighlightedWebCache.m in Sources */,
				E881BF751CBF480800EFA335 /* NetworkingUtil.m in Sources */,
				E86038701C848BD700602AB8 /* AFURLRequestSerialization.m in Sources */,
				E88305901C8FFE4D00D16C59 /* UIImage+MultiFormat.m in Sources */,
				E860386C1C848BD700602AB8 /* AFHTTPSessionManager.m in Sources */,
				E8702B641CC8B7070038B0E3 /* MJPhotoToolbar.m in Sources */,
				E8702B7A1CC8B7570038B0E3 /* UIActivityIndicatorView+AFNetworking.m in Sources */,
				E8A5D5161C89325500ED619F /* ZWStatusesModel.m in Sources */,
				E860386D1C848BD700602AB8 /* AFNetworkReachabilityManager.m in Sources */,
				E8702B7C1CC8B7570038B0E3 /* UIButton+AFNetworking.m in Sources */,
				E883058C1C8FFE4D00D16C59 /* SDWebImageManager.m in Sources */,
				E88305891C8FFE4D00D16C59 /* SDWebImageDecoder.m in Sources */,
				E88C317B1CBCD8EC00AE044F /* ZWUserInfoViewControler.m in Sources */,
				E868EED61CBF79EE00723C77 /* ZWUserInfoModel.m in Sources */,
				E8A5D50D1C892D7300ED619F /* MJRefreshNormalHeader.m in Sources */,
				E8A5D5071C892D7300ED619F /* MJRefreshAutoNormalFooter.m in Sources */,
				E8A5D5131C892D7300ED619F /* UIView+MJExtension.m in Sources */,
				E87441F81C87EF4C00801622 /* ZWDetailTableViewControler.m in Sources */,
				E886346C1C895AF3003ABA3E /* ZWCommentsModel.m in Sources */,
				E883058A1C8FFE4D00D16C59 /* SDWebImageDownloader.m in Sources */,
				E88305941C8FFE4D00D16C59 /* UIView+WebCacheOperation.m in Sources */,
				E86038711C848BD700602AB8 /* AFURLResponseSerialization.m in Sources */,
				E8702B7E1CC8B7570038B0E3 /* UIProgressView+AFNetworking.m in Sources */,
				E8A5D5011C892D7300ED619F /* MJRefreshAutoFooter.m in Sources */,
				E8A5D50B1C892D7300ED619F /* MJRefreshBackStateFooter.m in Sources */,
				E8702B7F1CC8B7570038B0E3 /* UIRefreshControl+AFNetworking.m in Sources */,
				E86038721C848BD700602AB8 /* AFURLSessionManager.m in Sources */,
				E883058D1C8FFE4D00D16C59 /* SDWebImagePrefetcher.m in Sources */,
				E8A5D5051C892D7300ED619F /* MJRefreshHeader.m in Sources */,
				E8A5D5091C892D7300ED619F /* MJRefreshBackGifFooter.m in Sources */,
				E87DFA2D1C856B4C00490F34 /* OAuthWebViewController.m in Sources */,
				E8A5D5101C892D7300ED619F /* MJRefreshConst.m in Sources */,
				E83F3BA01C8BFFE000BA2F66 /* NSString+Extent.m in Sources */,
				E8F89A9B1C8BD8A500E83B05 /* ZWProfileTableViewControler.m in Sources */,
				E8702B981CC8B9830038B0E3 /* MBProgressHUD.m in Sources */,
				E88C31841CBCE94200AE044F /* ZWUserHeaderViewController.m in Sources */,
				E86038541C84829000602AB8 /* ZWMainTableViewController.m in Sources */,
				E8A5D5021C892D7300ED619F /* MJRefreshBackFooter.m in Sources */,
				E8702B791CC8B7570038B0E3 /* AFNetworkActivityIndicatorManager.m in Sources */,
			);
			runOnlyForDeploymentPostprocessing = 0;
		};
		E82BB6E81C84283A00911AC8 /* Sources */ = {
			isa = PBXSourcesBuildPhase;
			buildActionMask = 2147483647;
			files = (
				E82BB6F11C84283A00911AC8 /* MyWeiBoTests.m in Sources */,
			);
			runOnlyForDeploymentPostprocessing = 0;
		};
		E82BB6F31C84283A00911AC8 /* Sources */ = {
			isa = PBXSourcesBuildPhase;
			buildActionMask = 2147483647;
			files = (
				E82BB6FC1C84283A00911AC8 /* MyWeiBoUITests.m in Sources */,
			);
			runOnlyForDeploymentPostprocessing = 0;
		};
/* End PBXSourcesBuildPhase section */

/* Begin PBXTargetDependency section */
		E82BB6EE1C84283A00911AC8 /* PBXTargetDependency */ = {
			isa = PBXTargetDependency;
			target = E82BB6CF1C84283A00911AC8 /* MyWeiBo */;
			targetProxy = E82BB6ED1C84283A00911AC8 /* PBXContainerItemProxy */;
		};
		E82BB6F91C84283A00911AC8 /* PBXTargetDependency */ = {
			isa = PBXTargetDependency;
			target = E82BB6CF1C84283A00911AC8 /* MyWeiBo */;
			targetProxy = E82BB6F81C84283A00911AC8 /* PBXContainerItemProxy */;
		};
/* End PBXTargetDependency section */

/* Begin XCBuildConfiguration section */
		E82BB6FE1C84283A00911AC8 /* Debug */ = {
			isa = XCBuildConfiguration;
			buildSettings = {
				ALWAYS_SEARCH_USER_PATHS = NO;
				CLANG_CXX_LANGUAGE_STANDARD = "gnu++0x";
				CLANG_CXX_LIBRARY = "libc++";
				CLANG_ENABLE_MODULES = YES;
				CLANG_ENABLE_OBJC_ARC = YES;
				CLANG_WARN_BOOL_CONVERSION = YES;
				CLANG_WARN_CONSTANT_CONVERSION = YES;
				CLANG_WARN_DIRECT_OBJC_ISA_USAGE = YES_ERROR;
				CLANG_WARN_EMPTY_BODY = YES;
				CLANG_WARN_ENUM_CONVERSION = YES;
				CLANG_WARN_INT_CONVERSION = YES;
				CLANG_WARN_OBJC_ROOT_CLASS = YES_ERROR;
				CLANG_WARN_UNREACHABLE_CODE = YES;
				CLANG_WARN__DUPLICATE_METHOD_MATCH = YES;
				"CODE_SIGN_IDENTITY[sdk=iphoneos*]" = "iPhone Developer";
				COPY_PHASE_STRIP = NO;
				DEBUG_INFORMATION_FORMAT = dwarf;
				ENABLE_STRICT_OBJC_MSGSEND = YES;
				ENABLE_TESTABILITY = YES;
				GCC_C_LANGUAGE_STANDARD = gnu99;
				GCC_DYNAMIC_NO_PIC = NO;
				GCC_NO_COMMON_BLOCKS = YES;
				GCC_OPTIMIZATION_LEVEL = 0;
				GCC_PREPROCESSOR_DEFINITIONS = (
					"DEBUG=1",
					"$(inherited)",
				);
				GCC_WARN_64_TO_32_BIT_CONVERSION = YES;
				GCC_WARN_ABOUT_RETURN_TYPE = YES_ERROR;
				GCC_WARN_UNDECLARED_SELECTOR = YES;
				GCC_WARN_UNINITIALIZED_AUTOS = YES_AGGRESSIVE;
				GCC_WARN_UNUSED_FUNCTION = YES;
				GCC_WARN_UNUSED_VARIABLE = YES;
				IPHONEOS_DEPLOYMENT_TARGET = 9.1;
				MTL_ENABLE_DEBUG_INFO = YES;
				ONLY_ACTIVE_ARCH = YES;
				SDKROOT = iphoneos;
			};
			name = Debug;
		};
		E82BB6FF1C84283A00911AC8 /* Release */ = {
			isa = XCBuildConfiguration;
			buildSettings = {
				ALWAYS_SEARCH_USER_PATHS = NO;
				CLANG_CXX_LANGUAGE_STANDARD = "gnu++0x";
				CLANG_CXX_LIBRARY = "libc++";
				CLANG_ENABLE_MODULES = YES;
				CLANG_ENABLE_OBJC_ARC = YES;
				CLANG_WARN_BOOL_CONVERSION = YES;
				CLANG_WARN_CONSTANT_CONVERSION = YES;
				CLANG_WARN_DIRECT_OBJC_ISA_USAGE = YES_ERROR;
				CLANG_WARN_EMPTY_BODY = YES;
				CLANG_WARN_ENUM_CONVERSION = YES;
				CLANG_WARN_INT_CONVERSION = YES;
				CLANG_WARN_OBJC_ROOT_CLASS = YES_ERROR;
				CLANG_WARN_UNREACHABLE_CODE = YES;
				CLANG_WARN__DUPLICATE_METHOD_MATCH = YES;
				"CODE_SIGN_IDENTITY[sdk=iphoneos*]" = "iPhone Developer";
				COPY_PHASE_STRIP = NO;
				DEBUG_INFORMATION_FORMAT = "dwarf-with-dsym";
				ENABLE_NS_ASSERTIONS = NO;
				ENABLE_STRICT_OBJC_MSGSEND = YES;
				GCC_C_LANGUAGE_STANDARD = gnu99;
				GCC_NO_COMMON_BLOCKS = YES;
				GCC_WARN_64_TO_32_BIT_CONVERSION = YES;
				GCC_WARN_ABOUT_RETURN_TYPE = YES_ERROR;
				GCC_WARN_UNDECLARED_SELECTOR = YES;
				GCC_WARN_UNINITIALIZED_AUTOS = YES_AGGRESSIVE;
				GCC_WARN_UNUSED_FUNCTION = YES;
				GCC_WARN_UNUSED_VARIABLE = YES;
				IPHONEOS_DEPLOYMENT_TARGET = 9.1;
				MTL_ENABLE_DEBUG_INFO = NO;
				SDKROOT = iphoneos;
				VALIDATE_PRODUCT = YES;
			};
			name = Release;
		};
		E82BB7011C84283A00911AC8 /* Debug */ = {
			isa = XCBuildConfiguration;
			buildSettings = {
				ASSETCATALOG_COMPILER_APPICON_NAME = AppIcon;
				INFOPLIST_FILE = MyWeiBo/Info.plist;
				IPHONEOS_DEPLOYMENT_TARGET = 8.1;
				LD_RUNPATH_SEARCH_PATHS = "$(inherited) @executable_path/Frameworks";
				PRODUCT_BUNDLE_IDENTIFIER = ZW.MyWeiBo;
				PRODUCT_NAME = "$(TARGET_NAME)";
			};
			name = Debug;
		};
		E82BB7021C84283A00911AC8 /* Release */ = {
			isa = XCBuildConfiguration;
			buildSettings = {
				ASSETCATALOG_COMPILER_APPICON_NAME = AppIcon;
				INFOPLIST_FILE = MyWeiBo/Info.plist;
				IPHONEOS_DEPLOYMENT_TARGET = 8.1;
				LD_RUNPATH_SEARCH_PATHS = "$(inherited) @executable_path/Frameworks";
				PRODUCT_BUNDLE_IDENTIFIER = ZW.MyWeiBo;
				PRODUCT_NAME = "$(TARGET_NAME)";
			};
			name = Release;
		};
		E82BB7041C84283A00911AC8 /* Debug */ = {
			isa = XCBuildConfiguration;
			buildSettings = {
				BUNDLE_LOADER = "$(TEST_HOST)";
				INFOPLIST_FILE = MyWeiBoTests/Info.plist;
				LD_RUNPATH_SEARCH_PATHS = "$(inherited) @executable_path/Frameworks @loader_path/Frameworks";
				PRODUCT_BUNDLE_IDENTIFIER = ZW.MyWeiBoTests;
				PRODUCT_NAME = "$(TARGET_NAME)";
				TEST_HOST = "$(BUILT_PRODUCTS_DIR)/MyWeiBo.app/MyWeiBo";
			};
			name = Debug;
		};
		E82BB7051C84283A00911AC8 /* Release */ = {
			isa = XCBuildConfiguration;
			buildSettings = {
				BUNDLE_LOADER = "$(TEST_HOST)";
				INFOPLIST_FILE = MyWeiBoTests/Info.plist;
				LD_RUNPATH_SEARCH_PATHS = "$(inherited) @executable_path/Frameworks @loader_path/Frameworks";
				PRODUCT_BUNDLE_IDENTIFIER = ZW.MyWeiBoTests;
				PRODUCT_NAME = "$(TARGET_NAME)";
				TEST_HOST = "$(BUILT_PRODUCTS_DIR)/MyWeiBo.app/MyWeiBo";
			};
			name = Release;
		};
		E82BB7071C84283A00911AC8 /* Debug */ = {
			isa = XCBuildConfiguration;
			buildSettings = {
				INFOPLIST_FILE = MyWeiBoUITests/Info.plist;
				LD_RUNPATH_SEARCH_PATHS = "$(inherited) @executable_path/Frameworks @loader_path/Frameworks";
				PRODUCT_BUNDLE_IDENTIFIER = ZW.MyWeiBoUITests;
				PRODUCT_NAME = "$(TARGET_NAME)";
				TEST_TARGET_NAME = MyWeiBo;
				USES_XCTRUNNER = YES;
			};
			name = Debug;
		};
		E82BB7081C84283A00911AC8 /* Release */ = {
			isa = XCBuildConfiguration;
			buildSettings = {
				INFOPLIST_FILE = MyWeiBoUITests/Info.plist;
				LD_RUNPATH_SEARCH_PATHS = "$(inherited) @executable_path/Frameworks @loader_path/Frameworks";
				PRODUCT_BUNDLE_IDENTIFIER = ZW.MyWeiBoUITests;
				PRODUCT_NAME = "$(TARGET_NAME)";
				TEST_TARGET_NAME = MyWeiBo;
				USES_XCTRUNNER = YES;
			};
			name = Release;
		};
/* End XCBuildConfiguration section */

/* Begin XCConfigurationList section */
		E82BB6CB1C84283A00911AC8 /* Build configuration list for PBXProject "MyWeiBo" */ = {
			isa = XCConfigurationList;
			buildConfigurations = (
				E82BB6FE1C84283A00911AC8 /* Debug */,
				E82BB6FF1C84283A00911AC8 /* Release */,
			);
			defaultConfigurationIsVisible = 0;
			defaultConfigurationName = Release;
		};
		E82BB7001C84283A00911AC8 /* Build configuration list for PBXNativeTarget "MyWeiBo" */ = {
			isa = XCConfigurationList;
			buildConfigurations = (
				E82BB7011C84283A00911AC8 /* Debug */,
				E82BB7021C84283A00911AC8 /* Release */,
			);
			defaultConfigurationIsVisible = 0;
			defaultConfigurationName = Release;
		};
		E82BB7031C84283A00911AC8 /* Build configuration list for PBXNativeTarget "MyWeiBoTests" */ = {
			isa = XCConfigurationList;
			buildConfigurations = (
				E82BB7041C84283A00911AC8 /* Debug */,
				E82BB7051C84283A00911AC8 /* Release */,
			);
			defaultConfigurationIsVisible = 0;
			defaultConfigurationName = Release;
		};
		E82BB7061C84283A00911AC8 /* Build configuration list for PBXNativeTarget "MyWeiBoUITests" */ = {
			isa = XCConfigurationList;
			buildConfigurations = (
				E82BB7071C84283A00911AC8 /* Debug */,
				E82BB7081C84283A00911AC8 /* Release */,
			);
			defaultConfigurationIsVisible = 0;
			defaultConfigurationName = Release;
		};
/* End XCConfigurationList section */
	};
	rootObject = E82BB6C81C84283900911AC8 /* Project object */;
}
